// !$*UTF8*$!
{
	archiveVersion = 1;
	classes = {
	};
	objectVersion = 70;
	objects = {

/* Begin PBXBuildFile section */
		790886192F0EC17F0068804C /* LoginSheet.swift in Sources */ = {isa = PBXBuildFile; fileRef = 790886172F0EC17F0068804C /* LoginSheet.swift */; };
		7908861A2F0EC17F0068804C /* SignupWebView.swift in Sources */ = {isa = PBXBuildFile; fileRef = 790886182F0EC17F0068804C /* SignupWebView.swift */; };
		790AB0C12ECEAE9500E443E6 /* TextToSpeechManager.swift in Sources */ = {isa = PBXBuildFile; fileRef = 790AB0C02ECEAE9500E443E6 /* TextToSpeechManager.swift */; };
		790AB0C42ECEAEB100E443E6 /* AddFolderSheet.swift in Sources */ = {isa = PBXBuildFile; fileRef = 790AB0C32ECEAEB100E443E6 /* AddFolderSheet.swift */; };
		790AB0C82ECEAED600E443E6 /* FoldersView.swift in Sources */ = {isa = PBXBuildFile; fileRef = 790AB0C72ECEAED600E443E6 /* FoldersView.swift */; };
		790AB0CB2ECEAF0500E443E6 /* Folder.swift in Sources */ = {isa = PBXBuildFile; fileRef = 790AB0CA2ECEAF0500E443E6 /* Folder.swift */; };
		790AB0CD2ECEAF1300E443E6 /* Highlight.swift in Sources */ = {isa = PBXBuildFile; fileRef = 790AB0CC2ECEAF1300E443E6 /* Highlight.swift */; };
		790AB0CF2ECEAF2B00E443E6 /* Note.swift in Sources */ = {isa = PBXBuildFile; fileRef = 790AB0CE2ECEAF2B00E443E6 /* Note.swift */; };
		790AB0D12ECEB21C00E443E6 /* PostWithHighlightsView.swift in Sources */ = {isa = PBXBuildFile; fileRef = 790AB0D02ECEB21C00E443E6 /* PostWithHighlightsView.swift */; };
		790AB0D32ECEB9BE00E443E6 /* HighlightableTextView.swift in Sources */ = {isa = PBXBuildFile; fileRef = 790AB0D22ECEB9BE00E443E6 /* HighlightableTextView.swift */; };
		790AB0D52ECEBE3A00E443E6 /* AppUsageTracker.swift in Sources */ = {isa = PBXBuildFile; fileRef = 790AB0D42ECEBE3A00E443E6 /* AppUsageTracker.swift */; };
		790AB0E62ECF670100E443E6 /* TabNews Watch Watch App.app in Embed Watch Content */ = {isa = PBXBuildFile; fileRef = 790AB0DC2ECF66FF00E443E6 /* TabNews Watch Watch App.app */; settings = {ATTRIBUTES = (RemoveHeadersOnCopy, ); }; };
		790AB0EB2ECF673B00E443E6 /* Note.swift in Sources */ = {isa = PBXBuildFile; fileRef = 790AB0CE2ECEAF2B00E443E6 /* Note.swift */; };
		790AB0EC2ECF673E00E443E6 /* Highlight.swift in Sources */ = {isa = PBXBuildFile; fileRef = 790AB0CC2ECEAF1300E443E6 /* Highlight.swift */; };
		790AB0ED2ECF674200E443E6 /* Folder.swift in Sources */ = {isa = PBXBuildFile; fileRef = 790AB0CA2ECEAF0500E443E6 /* Folder.swift */; };
		790AB0EE2ECF674600E443E6 /* PostRequest.swift in Sources */ = {isa = PBXBuildFile; fileRef = 79C706392D95E766005C26A7 /* PostRequest.swift */; };
		790AB1072ECF68C200E443E6 /* NetworkManager.swift in Sources */ = {isa = PBXBuildFile; fileRef = 0578C34654A4634FDF1FABC9 /* NetworkManager.swift */; };
		790AB1082ECF68CE00E443E6 /* Logger.swift in Sources */ = {isa = PBXBuildFile; fileRef = 79C706342D95E643005C26A7 /* Logger.swift */; };
		790AB1092ECF68D600E443E6 /* NetworkManagerProtocol.swift in Sources */ = {isa = PBXBuildFile; fileRef = 79C706252D95E51F005C26A7 /* NetworkManagerProtocol.swift */; };
		790AB10A2ECF68E100E443E6 /* NetworkError.swift in Sources */ = {isa = PBXBuildFile; fileRef = 79C706292D95E534005C26A7 /* NetworkError.swift */; };
		790AB10B2ECF68E800E443E6 /* APIError.swift in Sources */ = {isa = PBXBuildFile; fileRef = 79C7063B2D9AD132005C26A7 /* APIError.swift */; };
		790AB10C2ECF68F000E443E6 /* RequestBuilder.swift in Sources */ = {isa = PBXBuildFile; fileRef = 79C706272D95E528005C26A7 /* RequestBuilder.swift */; };
		790AB10F2ECF691A00E443E6 /* ContentService.swift in Sources */ = {isa = PBXBuildFile; fileRef = 79C7062E2D95E5E6005C26A7 /* ContentService.swift */; };
		790AB1102ECF691D00E443E6 /* ContentServiceProtocol.swift in Sources */ = {isa = PBXBuildFile; fileRef = 79C7062C2D95E5E2005C26A7 /* ContentServiceProtocol.swift */; };
		790AB1172ECF69A800E443E6 /* TextToSpeechManager.swift in Sources */ = {isa = PBXBuildFile; fileRef = 790AB0C02ECEAE9500E443E6 /* TextToSpeechManager.swift */; };
		790AB11C2ECF811F00E443E6 /* WatchSyncManager.swift in Sources */ = {isa = PBXBuildFile; fileRef = 790AB11B2ECF811F00E443E6 /* WatchSyncManager.swift */; };
		790AB11D2ECF811F00E443E6 /* WatchSyncManager.swift in Sources */ = {isa = PBXBuildFile; fileRef = 790AB11B2ECF811F00E443E6 /* WatchSyncManager.swift */; };
		7915846F2EFC869B00C69745 /* AudioControlsView.swift in Sources */ = {isa = PBXBuildFile; fileRef = 7915846E2EFC869B00C69745 /* AudioControlsView.swift */; };
		791584712EFC86A700C69745 /* HighlightModeIndicator.swift in Sources */ = {isa = PBXBuildFile; fileRef = 791584702EFC86A700C69745 /* HighlightModeIndicator.swift */; };
		791584732EFC86AE00C69745 /* PostActionsBar.swift in Sources */ = {isa = PBXBuildFile; fileRef = 791584722EFC86AE00C69745 /* PostActionsBar.swift */; };
		791584752EFC86B600C69745 /* PostHeaderView.swift in Sources */ = {isa = PBXBuildFile; fileRef = 791584742EFC86B600C69745 /* PostHeaderView.swift */; };
		791584772EFC86BE00C69745 /* PostMetadataView.swift in Sources */ = {isa = PBXBuildFile; fileRef = 791584762EFC86BE00C69745 /* PostMetadataView.swift */; };
		7915847A2EFC86E800C69745 /* AddHighlightSheet.swift in Sources */ = {isa = PBXBuildFile; fileRef = 791584792EFC86E800C69745 /* AddHighlightSheet.swift */; };
		7915847C2EFC86FC00C69745 /* AddNoteSheet.swift in Sources */ = {isa = PBXBuildFile; fileRef = 7915847B2EFC86FC00C69745 /* AddNoteSheet.swift */; };
		791584862EFC89F200C69745 /* UserFolderRow.swift in Sources */ = {isa = PBXBuildFile; fileRef = 791584852EFC89F200C69745 /* UserFolderRow.swift */; };
		791584872EFC89F200C69745 /* EmptyLibraryView.swift in Sources */ = {isa = PBXBuildFile; fileRef = 791584822EFC89F200C69745 /* EmptyLibraryView.swift */; };
		791584882EFC89F200C69745 /* SpecialFolderRow.swift in Sources */ = {isa = PBXBuildFile; fileRef = 791584842EFC89F200C69745 /* SpecialFolderRow.swift */; };
		791584892EFC89F200C69745 /* PostFileRow.swift in Sources */ = {isa = PBXBuildFile; fileRef = 791584832EFC89F200C69745 /* PostFileRow.swift */; };
		7915848A2EFC89F200C69745 /* ColorExtension.swift in Sources */ = {isa = PBXBuildFile; fileRef = 791584802EFC89F200C69745 /* ColorExtension.swift */; };
		7915848B2EFC89F200C69745 /* EditModeToolbar.swift in Sources */ = {isa = PBXBuildFile; fileRef = 791584812EFC89F200C69745 /* EditModeToolbar.swift */; };
		7915848D2EFC903C00C69745 /* SavedPost.swift in Sources */ = {isa = PBXBuildFile; fileRef = 7915848C2EFC903C00C69745 /* SavedPost.swift */; };
		7915848E2EFC903C00C69745 /* SavedPost.swift in Sources */ = {isa = PBXBuildFile; fileRef = 7915848C2EFC903C00C69745 /* SavedPost.swift */; };
		791584902EFC929C00C69745 /* PostCTAView.swift in Sources */ = {isa = PBXBuildFile; fileRef = 7915848F2EFC929C00C69745 /* PostCTAView.swift */; };
		791584982EFC97F900C69745 /* OnboardingTipsView.swift in Sources */ = {isa = PBXBuildFile; fileRef = 791584972EFC97F900C69745 /* OnboardingTipsView.swift */; };
		791B1EB92ED4CC7E00B9143D /* SkeletonCard.swift in Sources */ = {isa = PBXBuildFile; fileRef = 791B1EB82ED4CC7E00B9143D /* SkeletonCard.swift */; };
		791B1EBB2ED4CC9400B9143D /* SkeletonListView.swift in Sources */ = {isa = PBXBuildFile; fileRef = 791B1EBA2ED4CC9400B9143D /* SkeletonListView.swift */; };
		791B1F172ED4D10400B9143D /* HybridMarkdownView.swift in Sources */ = {isa = PBXBuildFile; fileRef = 791B1F162ED4D10400B9143D /* HybridMarkdownView.swift */; };
		791CC1A92F0B134E00C8B38D /* VoteManager.swift in Sources */ = {isa = PBXBuildFile; fileRef = 791CC1A82F0B134E00C8B38D /* VoteManager.swift */; };
		791CC1AB2F0B141000C8B38D /* PostHeader.swift in Sources */ = {isa = PBXBuildFile; fileRef = 791CC1AA2F0B141000C8B38D /* PostHeader.swift */; };
		791E87D82A4FD99B00C2F0B4 /* newtabnewsApp.swift in Sources */ = {isa = PBXBuildFile; fileRef = 791E87D72A4FD99B00C2F0B4 /* newtabnewsApp.swift */; };
		791E87DA2A4FD99B00C2F0B4 /* ContentView.swift in Sources */ = {isa = PBXBuildFile; fileRef = 791E87D92A4FD99B00C2F0B4 /* ContentView.swift */; };
		791E87DC2A4FD99B00C2F0B4 /* Assets.xcassets in Resources */ = {isa = PBXBuildFile; fileRef = 791E87DB2A4FD99B00C2F0B4 /* Assets.xcassets */; };
		791E87E02A4FD99B00C2F0B4 /* Preview Assets.xcassets in Resources */ = {isa = PBXBuildFile; fileRef = 791E87DF2A4FD99B00C2F0B4 /* Preview Assets.xcassets */; };
		79259D292EFB7D0F004BC057 /* FirebaseFirestore in Frameworks */ = {isa = PBXBuildFile; productRef = 79259D282EFB7D0F004BC057 /* FirebaseFirestore */; };
		79259D2B2EFB7D0F004BC057 /* FirebaseMessaging in Frameworks */ = {isa = PBXBuildFile; productRef = 79259D2A2EFB7D0F004BC057 /* FirebaseMessaging */; };
		79259D302EFB81FE004BC057 /* FirebasePushNotificationService.swift in Sources */ = {isa = PBXBuildFile; fileRef = 79259D2E2EFB81FE004BC057 /* FirebasePushNotificationService.swift */; };
		79259E8C2EFB82FB004BC057 /* GoogleService-Info.plist in Resources */ = {isa = PBXBuildFile; fileRef = 79259E8B2EFB82FB004BC057 /* GoogleService-Info.plist */; };
		79259E8D2EFB83BD004BC057 /* GoogleService-Info.plist in Resources */ = {isa = PBXBuildFile; fileRef = 79259E8B2EFB82FB004BC057 /* GoogleService-Info.plist */; };
		794863862B5B55ED009AA720 /* GameController.swift in Sources */ = {isa = PBXBuildFile; fileRef = 794863852B5B55ED009AA720 /* GameController.swift */; };
		795261722A7B0B6D001FD010 /* NewsletterView.swift in Sources */ = {isa = PBXBuildFile; fileRef = 795261712A7B0B6D001FD010 /* NewsletterView.swift */; };
		796D05B22F0AC28C0064A2BC /* WidgetKit.framework in Frameworks */ = {isa = PBXBuildFile; fileRef = 796D05B12F0AC28C0064A2BC /* WidgetKit.framework */; };
		796D05B42F0AC28C0064A2BC /* SwiftUI.framework in Frameworks */ = {isa = PBXBuildFile; fileRef = 796D05B32F0AC28C0064A2BC /* SwiftUI.framework */; };
		796D05D92F0AC5610064A2BC /* WidgetSyncManager.swift in Sources */ = {isa = PBXBuildFile; fileRef = 796D05D82F0AC5610064A2BC /* WidgetSyncManager.swift */; };
		796D05DB2F0AC5610064A2BC /* WidgetSyncManager.swift in Sources */ = {isa = PBXBuildFile; fileRef = 796D05D82F0AC5610064A2BC /* WidgetSyncManager.swift */; };
		796D060F2F0AC72D0064A2BC /* PostRequest.swift in Sources */ = {isa = PBXBuildFile; fileRef = 79C706392D95E766005C26A7 /* PostRequest.swift */; };
		796D06272F0AD7760064A2BC /* TabNewsWidgetsExtension.appex in Embed Foundation Extensions */ = {isa = PBXBuildFile; fileRef = 796D05AF2F0AC28C0064A2BC /* TabNewsWidgetsExtension.appex */; settings = {ATTRIBUTES = (RemoveHeadersOnCopy, ); }; };
		796D06312F0ADCA40064A2BC /* WidgetPost.swift in Sources */ = {isa = PBXBuildFile; fileRef = 796D06302F0ADCA40064A2BC /* WidgetPost.swift */; };
		796D06322F0ADCA40064A2BC /* WidgetPost.swift in Sources */ = {isa = PBXBuildFile; fileRef = 796D06302F0ADCA40064A2BC /* WidgetPost.swift */; };
		796D06332F0ADCA40064A2BC /* WidgetPost.swift in Sources */ = {isa = PBXBuildFile; fileRef = 796D06302F0ADCA40064A2BC /* WidgetPost.swift */; };
		796D06382F0AE4390064A2BC /* Comment.swift in Sources */ = {isa = PBXBuildFile; fileRef = 796D06372F0AE4390064A2BC /* Comment.swift */; };
		796D06392F0AE4760064A2BC /* Comment.swift in Sources */ = {isa = PBXBuildFile; fileRef = 796D06372F0AE4390064A2BC /* Comment.swift */; };
		796D063E2F0AE4C50064A2BC /* CommentsView.swift in Sources */ = {isa = PBXBuildFile; fileRef = 796D063B2F0AE4C50064A2BC /* CommentsView.swift */; };
		796D063F2F0AE4C50064A2BC /* CommentsViewModel.swift in Sources */ = {isa = PBXBuildFile; fileRef = 796D063C2F0AE4C50064A2BC /* CommentsViewModel.swift */; };
		796D06402F0AE4C50064A2BC /* CommentRow.swift in Sources */ = {isa = PBXBuildFile; fileRef = 796D063A2F0AE4C50064A2BC /* CommentRow.swift */; };
		796D06432F0AE5960064A2BC /* AuthSheet.swift in Sources */ = {isa = PBXBuildFile; fileRef = 796D06412F0AE5960064A2BC /* AuthSheet.swift */; };
		796D06462F0AE5B10064A2BC /* KeychainManager.swift in Sources */ = {isa = PBXBuildFile; fileRef = 796D06452F0AE5B10064A2BC /* KeychainManager.swift */; };
		796D06472F0AE5B10064A2BC /* AuthService.swift in Sources */ = {isa = PBXBuildFile; fileRef = 796D06442F0AE5B10064A2BC /* AuthService.swift */; };
		796D06492F0AE5F30064A2BC /* CommentComposeSheet.swift in Sources */ = {isa = PBXBuildFile; fileRef = 796D06482F0AE5F30064A2BC /* CommentComposeSheet.swift */; };
		796D064B2F0AE61C0064A2BC /* User.swift in Sources */ = {isa = PBXBuildFile; fileRef = 796D064A2F0AE61C0064A2BC /* User.swift */; };
		796D064D2F0AE8920064A2BC /* FloatingCommentInput.swift in Sources */ = {isa = PBXBuildFile; fileRef = 796D064C2F0AE8920064A2BC /* FloatingCommentInput.swift */; };
		796D064F2F0AF3960064A2BC /* ParticleSystem.swift in Sources */ = {isa = PBXBuildFile; fileRef = 796D064E2F0AF3960064A2BC /* ParticleSystem.swift */; };
		7982B7512F00B3CA00666726 /* DigestCard.swift in Sources */ = {isa = PBXBuildFile; fileRef = 7982B74B2F00B3CA00666726 /* DigestCard.swift */; };
		7982B7522F00B3CA00666726 /* DigestBannerView.swift in Sources */ = {isa = PBXBuildFile; fileRef = 7982B74A2F00B3CA00666726 /* DigestBannerView.swift */; };
		7982B7532F00B3CA00666726 /* DigestViewModel.swift in Sources */ = {isa = PBXBuildFile; fileRef = 7982B74F2F00B3CA00666726 /* DigestViewModel.swift */; };
		7982B7542F00B3CA00666726 /* DigestListView.swift in Sources */ = {isa = PBXBuildFile; fileRef = 7982B74D2F00B3CA00666726 /* DigestListView.swift */; };
		7982B7552F00B3CA00666726 /* DigestDetailsView.swift in Sources */ = {isa = PBXBuildFile; fileRef = 7982B74C2F00B3CA00666726 /* DigestDetailsView.swift */; };
		7982B7562F00B3CA00666726 /* DigestView.swift in Sources */ = {isa = PBXBuildFile; fileRef = 7982B74E2F00B3CA00666726 /* DigestView.swift */; };
		7982B7752F01778100666726 /* BetaTesterService.swift in Sources */ = {isa = PBXBuildFile; fileRef = 7982B7742F01778100666726 /* BetaTesterService.swift */; };
		7982B7762F01778100666726 /* BetaTesterService.swift in Sources */ = {isa = PBXBuildFile; fileRef = 7982B7742F01778100666726 /* BetaTesterService.swift */; };
		799049E62A6C93D30050240C /* MainView.swift in Sources */ = {isa = PBXBuildFile; fileRef = 799049E52A6C93D30050240C /* MainView.swift */; };
		799049E82A6C93D90050240C /* MainViewModel.swift in Sources */ = {isa = PBXBuildFile; fileRef = 799049E72A6C93D90050240C /* MainViewModel.swift */; };
		799049F42A6C961C0050240C /* ListView.swift in Sources */ = {isa = PBXBuildFile; fileRef = 799049F32A6C961C0050240C /* ListView.swift */; };
		799049F62A6C990E0050240C /* CardList.swift in Sources */ = {isa = PBXBuildFile; fileRef = 799049F52A6C990E0050240C /* CardList.swift */; };
		799049F82A72F4BC0050240C /* Extensions.swift in Sources */ = {isa = PBXBuildFile; fileRef = 799049F72A72F4BC0050240C /* Extensions.swift */; };
		799049FD2A72F7BE0050240C /* ListDetailsView.swift in Sources */ = {isa = PBXBuildFile; fileRef = 799049FC2A72F7BE0050240C /* ListDetailsView.swift */; };
		799049FF2A73068E0050240C /* DefaultViewState.swift in Sources */ = {isa = PBXBuildFile; fileRef = 799049FE2A73068E0050240C /* DefaultViewState.swift */; };
		79904A042A73075A0050240C /* FailureView.swift in Sources */ = {isa = PBXBuildFile; fileRef = 79904A032A73075A0050240C /* FailureView.swift */; };
		79904A062A731F6F0050240C /* WebContentView.swift in Sources */ = {isa = PBXBuildFile; fileRef = 79904A052A731F6F0050240C /* WebContentView.swift */; };
		79904A082A731F910050240C /* HTMLView.swift in Sources */ = {isa = PBXBuildFile; fileRef = 79904A072A731F910050240C /* HTMLView.swift */; };
		79904A0B2A732E3F0050240C /* LikedList.swift in Sources */ = {isa = PBXBuildFile; fileRef = 79904A0A2A732E3F0050240C /* LikedList.swift */; };
		79904A0E2A732FC90050240C /* SettingsView.swift in Sources */ = {isa = PBXBuildFile; fileRef = 79904A0D2A732FC90050240C /* SettingsView.swift */; };
		79904A102A732FE30050240C /* DuckView.swift in Sources */ = {isa = PBXBuildFile; fileRef = 79904A0F2A732FE30050240C /* DuckView.swift */; };
		79C706122D95E485005C26A7 /* NetworkManager.swift in Sources */ = {isa = PBXBuildFile; fileRef = 0578C34654A4634FDF1FABC9 /* NetworkManager.swift */; };
		79C706262D95E51F005C26A7 /* NetworkManagerProtocol.swift in Sources */ = {isa = PBXBuildFile; fileRef = 79C706252D95E51F005C26A7 /* NetworkManagerProtocol.swift */; };
		79C706282D95E528005C26A7 /* RequestBuilder.swift in Sources */ = {isa = PBXBuildFile; fileRef = 79C706272D95E528005C26A7 /* RequestBuilder.swift */; };
		79C7062A2D95E534005C26A7 /* NetworkError.swift in Sources */ = {isa = PBXBuildFile; fileRef = 79C706292D95E534005C26A7 /* NetworkError.swift */; };
		79C7062D2D95E5E2005C26A7 /* ContentServiceProtocol.swift in Sources */ = {isa = PBXBuildFile; fileRef = 79C7062C2D95E5E2005C26A7 /* ContentServiceProtocol.swift */; };
		79C7062F2D95E5E6005C26A7 /* ContentService.swift in Sources */ = {isa = PBXBuildFile; fileRef = 79C7062E2D95E5E6005C26A7 /* ContentService.swift */; };
		79C706352D95E643005C26A7 /* Logger.swift in Sources */ = {isa = PBXBuildFile; fileRef = 79C706342D95E643005C26A7 /* Logger.swift */; };
		79C7063A2D95E766005C26A7 /* PostRequest.swift in Sources */ = {isa = PBXBuildFile; fileRef = 79C706392D95E766005C26A7 /* PostRequest.swift */; };
		79C7063C2D9AD132005C26A7 /* APIError.swift in Sources */ = {isa = PBXBuildFile; fileRef = 79C7063B2D9AD132005C26A7 /* APIError.swift */; };
		79C7063E2D9ADBFA005C26A7 /* PostRow.swift in Sources */ = {isa = PBXBuildFile; fileRef = 79C7063D2D9ADBFA005C26A7 /* PostRow.swift */; };
		79C706402D9ADD26005C26A7 /* EmptyLikedListView.swift in Sources */ = {isa = PBXBuildFile; fileRef = 79C7063F2D9ADD26005C26A7 /* EmptyLikedListView.swift */; };
		79C706462D9AE157005C26A7 /* NewsletterCard.swift in Sources */ = {isa = PBXBuildFile; fileRef = 79C706452D9AE157005C26A7 /* NewsletterCard.swift */; };
		79C706482D9AE477005C26A7 /* SocialView.swift in Sources */ = {isa = PBXBuildFile; fileRef = 79C706472D9AE477005C26A7 /* SocialView.swift */; };
		79C7064B2D9AFCE5005C26A7 /* OnboardingView.swift in Sources */ = {isa = PBXBuildFile; fileRef = 79C7064A2D9AFCE5005C26A7 /* OnboardingView.swift */; };
		79C706512D9B0152005C26A7 /* bird-02.png in Resources */ = {isa = PBXBuildFile; fileRef = 79C7064E2D9B0152005C26A7 /* bird-02.png */; };
		79C706522D9B0152005C26A7 /* bird-03.png in Resources */ = {isa = PBXBuildFile; fileRef = 79C7064F2D9B0152005C26A7 /* bird-03.png */; };
		79C706532D9B0152005C26A7 /* bird-04.png in Resources */ = {isa = PBXBuildFile; fileRef = 79C706502D9B0152005C26A7 /* bird-04.png */; };
		79C706542D9B0152005C26A7 /* bird-01.png in Resources */ = {isa = PBXBuildFile; fileRef = 79C7064D2D9B0152005C26A7 /* bird-01.png */; };
		79D7E37A2D81266A00391C82 /* NewsletterViewModel.swift in Sources */ = {isa = PBXBuildFile; fileRef = 79D7E3792D81266A00391C82 /* NewsletterViewModel.swift */; };
		79D7E37C2D81280100391C82 /* NewsletterDetailsView.swift in Sources */ = {isa = PBXBuildFile; fileRef = 79D7E37B2D81280100391C82 /* NewsletterDetailsView.swift */; };
		79E727F12EFB9CE3007BF27A /* LoadingOverlayView.swift in Sources */ = {isa = PBXBuildFile; fileRef = 79E727F02EFB9CE3007BF27A /* LoadingOverlayView.swift */; };
		79E727F22EFB9CE3007BF27A /* LoadingOverlayView.swift in Sources */ = {isa = PBXBuildFile; fileRef = 79E727F02EFB9CE3007BF27A /* LoadingOverlayView.swift */; };
		79E727F42EFB9D25007BF27A /* AppTab.swift in Sources */ = {isa = PBXBuildFile; fileRef = 79E727F32EFB9D25007BF27A /* AppTab.swift */; };
		79E727F52EFB9D25007BF27A /* AppTab.swift in Sources */ = {isa = PBXBuildFile; fileRef = 79E727F32EFB9D25007BF27A /* AppTab.swift */; };
		79E727F72EFB9DA2007BF27A /* MainTabView.swift in Sources */ = {isa = PBXBuildFile; fileRef = 79E727F62EFB9DA2007BF27A /* MainTabView.swift */; };
		79E727F92EFB9E27007BF27A /* MockContentService.swift in Sources */ = {isa = PBXBuildFile; fileRef = 79E727F82EFB9E27007BF27A /* MockContentService.swift */; };
		79E727FA2EFB9E27007BF27A /* MockContentService.swift in Sources */ = {isa = PBXBuildFile; fileRef = 79E727F82EFB9E27007BF27A /* MockContentService.swift */; };
		79E727FC2EFB9E76007BF27A /* AppDependencies.swift in Sources */ = {isa = PBXBuildFile; fileRef = 79E727FB2EFB9E76007BF27A /* AppDependencies.swift */; };
		79E728012EFB9FCC007BF27A /* NotificationHandler.swift in Sources */ = {isa = PBXBuildFile; fileRef = 79E728002EFB9FCC007BF27A /* NotificationHandler.swift */; };
		79E728022EFB9FCC007BF27A /* NotificationHandler.swift in Sources */ = {isa = PBXBuildFile; fileRef = 79E728002EFB9FCC007BF27A /* NotificationHandler.swift */; };
/* End PBXBuildFile section */

/* Begin PBXContainerItemProxy section */
		790AB0E42ECF670100E443E6 /* PBXContainerItemProxy */ = {
			isa = PBXContainerItemProxy;
			containerPortal = 791E87CC2A4FD99B00C2F0B4 /* Project object */;
			proxyType = 1;
			remoteGlobalIDString = 790AB0DB2ECF66FF00E443E6;
			remoteInfo = "TabNews Watch Watch App";
		};
		796D06282F0AD7760064A2BC /* PBXContainerItemProxy */ = {
			isa = PBXContainerItemProxy;
			containerPortal = 791E87CC2A4FD99B00C2F0B4 /* Project object */;
			proxyType = 1;
			remoteGlobalIDString = 796D05AE2F0AC28C0064A2BC;
			remoteInfo = TabNewsWidgetsExtension;
		};
		796D062B2F0AD77D0064A2BC /* PBXContainerItemProxy */ = {
			isa = PBXContainerItemProxy;
			containerPortal = 791E87CC2A4FD99B00C2F0B4 /* Project object */;
			proxyType = 1;
			remoteGlobalIDString = 796D05AE2F0AC28C0064A2BC;
			remoteInfo = TabNewsWidgetsExtension;
		};
/* End PBXContainerItemProxy section */

/* Begin PBXCopyFilesBuildPhase section */
		790AB0E72ECF670100E443E6 /* Embed Watch Content */ = {
			isa = PBXCopyFilesBuildPhase;
			buildActionMask = 2147483647;
			dstPath = "$(CONTENTS_FOLDER_PATH)/Watch";
			dstSubfolderSpec = 16;
			files = (
				790AB0E62ECF670100E443E6 /* TabNews Watch Watch App.app in Embed Watch Content */,
			);
			name = "Embed Watch Content";
			runOnlyForDeploymentPostprocessing = 0;
		};
		796D062A2F0AD7760064A2BC /* Embed Foundation Extensions */ = {
			isa = PBXCopyFilesBuildPhase;
			buildActionMask = 2147483647;
			dstPath = "";
			dstSubfolderSpec = 13;
			files = (
				796D06272F0AD7760064A2BC /* TabNewsWidgetsExtension.appex in Embed Foundation Extensions */,
			);
			name = "Embed Foundation Extensions";
			runOnlyForDeploymentPostprocessing = 0;
		};
/* End PBXCopyFilesBuildPhase section */

/* Begin PBXFileReference section */
		0578C34654A4634FDF1FABC9 /* NetworkManager.swift */ = {isa = PBXFileReference; lastKnownFileType = sourcecode.swift; path = NetworkManager.swift; sourceTree = "<group>"; };
		790886172F0EC17F0068804C /* LoginSheet.swift */ = {isa = PBXFileReference; lastKnownFileType = sourcecode.swift; path = LoginSheet.swift; sourceTree = "<group>"; };
		790886182F0EC17F0068804C /* SignupWebView.swift */ = {isa = PBXFileReference; lastKnownFileType = sourcecode.swift; path = SignupWebView.swift; sourceTree = "<group>"; };
		790AB0C02ECEAE9500E443E6 /* TextToSpeechManager.swift */ = {isa = PBXFileReference; lastKnownFileType = sourcecode.swift; path = TextToSpeechManager.swift; sourceTree = "<group>"; };
		790AB0C32ECEAEB100E443E6 /* AddFolderSheet.swift */ = {isa = PBXFileReference; lastKnownFileType = sourcecode.swift; path = AddFolderSheet.swift; sourceTree = "<group>"; };
		790AB0C72ECEAED600E443E6 /* FoldersView.swift */ = {isa = PBXFileReference; lastKnownFileType = sourcecode.swift; path = FoldersView.swift; sourceTree = "<group>"; };
		790AB0CA2ECEAF0500E443E6 /* Folder.swift */ = {isa = PBXFileReference; lastKnownFileType = sourcecode.swift; path = Folder.swift; sourceTree = "<group>"; };
		790AB0CC2ECEAF1300E443E6 /* Highlight.swift */ = {isa = PBXFileReference; lastKnownFileType = sourcecode.swift; path = Highlight.swift; sourceTree = "<group>"; };
		790AB0CE2ECEAF2B00E443E6 /* Note.swift */ = {isa = PBXFileReference; lastKnownFileType = sourcecode.swift; path = Note.swift; sourceTree = "<group>"; };
		790AB0D02ECEB21C00E443E6 /* PostWithHighlightsView.swift */ = {isa = PBXFileReference; lastKnownFileType = sourcecode.swift; path = PostWithHighlightsView.swift; sourceTree = "<group>"; };
		790AB0D22ECEB9BE00E443E6 /* HighlightableTextView.swift */ = {isa = PBXFileReference; lastKnownFileType = sourcecode.swift; path = HighlightableTextView.swift; sourceTree = "<group>"; };
		790AB0D42ECEBE3A00E443E6 /* AppUsageTracker.swift */ = {isa = PBXFileReference; lastKnownFileType = sourcecode.swift; path = AppUsageTracker.swift; sourceTree = "<group>"; };
		790AB0DC2ECF66FF00E443E6 /* TabNews Watch Watch App.app */ = {isa = PBXFileReference; explicitFileType = wrapper.application; includeInIndex = 0; path = "TabNews Watch Watch App.app"; sourceTree = BUILT_PRODUCTS_DIR; };
		790AB11B2ECF811F00E443E6 /* WatchSyncManager.swift */ = {isa = PBXFileReference; lastKnownFileType = sourcecode.swift; path = WatchSyncManager.swift; sourceTree = "<group>"; };
		7915846E2EFC869B00C69745 /* AudioControlsView.swift */ = {isa = PBXFileReference; lastKnownFileType = sourcecode.swift; path = AudioControlsView.swift; sourceTree = "<group>"; };
		791584702EFC86A700C69745 /* HighlightModeIndicator.swift */ = {isa = PBXFileReference; lastKnownFileType = sourcecode.swift; path = HighlightModeIndicator.swift; sourceTree = "<group>"; };
		791584722EFC86AE00C69745 /* PostActionsBar.swift */ = {isa = PBXFileReference; lastKnownFileType = sourcecode.swift; path = PostActionsBar.swift; sourceTree = "<group>"; };
		791584742EFC86B600C69745 /* PostHeaderView.swift */ = {isa = PBXFileReference; lastKnownFileType = sourcecode.swift; path = PostHeaderView.swift; sourceTree = "<group>"; };
		791584762EFC86BE00C69745 /* PostMetadataView.swift */ = {isa = PBXFileReference; lastKnownFileType = sourcecode.swift; path = PostMetadataView.swift; sourceTree = "<group>"; };
		791584792EFC86E800C69745 /* AddHighlightSheet.swift */ = {isa = PBXFileReference; lastKnownFileType = sourcecode.swift; path = AddHighlightSheet.swift; sourceTree = "<group>"; };
		7915847B2EFC86FC00C69745 /* AddNoteSheet.swift */ = {isa = PBXFileReference; lastKnownFileType = sourcecode.swift; path = AddNoteSheet.swift; sourceTree = "<group>"; };
		791584802EFC89F200C69745 /* ColorExtension.swift */ = {isa = PBXFileReference; lastKnownFileType = sourcecode.swift; path = ColorExtension.swift; sourceTree = "<group>"; };
		791584812EFC89F200C69745 /* EditModeToolbar.swift */ = {isa = PBXFileReference; lastKnownFileType = sourcecode.swift; path = EditModeToolbar.swift; sourceTree = "<group>"; };
		791584822EFC89F200C69745 /* EmptyLibraryView.swift */ = {isa = PBXFileReference; lastKnownFileType = sourcecode.swift; path = EmptyLibraryView.swift; sourceTree = "<group>"; };
		791584832EFC89F200C69745 /* PostFileRow.swift */ = {isa = PBXFileReference; lastKnownFileType = sourcecode.swift; path = PostFileRow.swift; sourceTree = "<group>"; };
		791584842EFC89F200C69745 /* SpecialFolderRow.swift */ = {isa = PBXFileReference; lastKnownFileType = sourcecode.swift; path = SpecialFolderRow.swift; sourceTree = "<group>"; };
		791584852EFC89F200C69745 /* UserFolderRow.swift */ = {isa = PBXFileReference; lastKnownFileType = sourcecode.swift; path = UserFolderRow.swift; sourceTree = "<group>"; };
		7915848C2EFC903C00C69745 /* SavedPost.swift */ = {isa = PBXFileReference; lastKnownFileType = sourcecode.swift; path = SavedPost.swift; sourceTree = "<group>"; };
		7915848F2EFC929C00C69745 /* PostCTAView.swift */ = {isa = PBXFileReference; lastKnownFileType = sourcecode.swift; path = PostCTAView.swift; sourceTree = "<group>"; };
		791584972EFC97F900C69745 /* OnboardingTipsView.swift */ = {isa = PBXFileReference; lastKnownFileType = sourcecode.swift; path = OnboardingTipsView.swift; sourceTree = "<group>"; };
		791B1EB82ED4CC7E00B9143D /* SkeletonCard.swift */ = {isa = PBXFileReference; lastKnownFileType = sourcecode.swift; path = SkeletonCard.swift; sourceTree = "<group>"; };
		791B1EBA2ED4CC9400B9143D /* SkeletonListView.swift */ = {isa = PBXFileReference; lastKnownFileType = sourcecode.swift; path = SkeletonListView.swift; sourceTree = "<group>"; };
		791B1F162ED4D10400B9143D /* HybridMarkdownView.swift */ = {isa = PBXFileReference; lastKnownFileType = sourcecode.swift; path = HybridMarkdownView.swift; sourceTree = "<group>"; };
		791CC1A82F0B134E00C8B38D /* VoteManager.swift */ = {isa = PBXFileReference; lastKnownFileType = sourcecode.swift; path = VoteManager.swift; sourceTree = "<group>"; };
		791CC1AA2F0B141000C8B38D /* PostHeader.swift */ = {isa = PBXFileReference; lastKnownFileType = sourcecode.swift; path = PostHeader.swift; sourceTree = "<group>"; };
		791E87D42A4FD99B00C2F0B4 /* newtabnews.app */ = {isa = PBXFileReference; explicitFileType = wrapper.application; includeInIndex = 0; path = newtabnews.app; sourceTree = BUILT_PRODUCTS_DIR; };
		791E87D72A4FD99B00C2F0B4 /* newtabnewsApp.swift */ = {isa = PBXFileReference; lastKnownFileType = sourcecode.swift; path = newtabnewsApp.swift; sourceTree = "<group>"; };
		791E87D92A4FD99B00C2F0B4 /* ContentView.swift */ = {isa = PBXFileReference; lastKnownFileType = sourcecode.swift; path = ContentView.swift; sourceTree = "<group>"; };
		791E87DB2A4FD99B00C2F0B4 /* Assets.xcassets */ = {isa = PBXFileReference; lastKnownFileType = folder.assetcatalog; path = Assets.xcassets; sourceTree = "<group>"; };
		791E87DD2A4FD99B00C2F0B4 /* newtabnews.entitlements */ = {isa = PBXFileReference; lastKnownFileType = text.plist.entitlements; path = newtabnews.entitlements; sourceTree = "<group>"; };
		791E87DF2A4FD99B00C2F0B4 /* Preview Assets.xcassets */ = {isa = PBXFileReference; lastKnownFileType = folder.assetcatalog; path = "Preview Assets.xcassets"; sourceTree = "<group>"; };
		79259D2E2EFB81FE004BC057 /* FirebasePushNotificationService.swift */ = {isa = PBXFileReference; lastKnownFileType = sourcecode.swift; path = FirebasePushNotificationService.swift; sourceTree = "<group>"; };
		79259E8B2EFB82FB004BC057 /* GoogleService-Info.plist */ = {isa = PBXFileReference; lastKnownFileType = text.plist.xml; path = "GoogleService-Info.plist"; sourceTree = "<group>"; };
		794863852B5B55ED009AA720 /* GameController.swift */ = {isa = PBXFileReference; lastKnownFileType = sourcecode.swift; path = GameController.swift; sourceTree = "<group>"; };
		795261712A7B0B6D001FD010 /* NewsletterView.swift */ = {isa = PBXFileReference; lastKnownFileType = sourcecode.swift; path = NewsletterView.swift; sourceTree = "<group>"; };
		796D05AF2F0AC28C0064A2BC /* TabNewsWidgetsExtension.appex */ = {isa = PBXFileReference; explicitFileType = "wrapper.app-extension"; includeInIndex = 0; path = TabNewsWidgetsExtension.appex; sourceTree = BUILT_PRODUCTS_DIR; };
		796D05B12F0AC28C0064A2BC /* WidgetKit.framework */ = {isa = PBXFileReference; lastKnownFileType = wrapper.framework; name = WidgetKit.framework; path = System/Library/Frameworks/WidgetKit.framework; sourceTree = SDKROOT; };
		796D05B32F0AC28C0064A2BC /* SwiftUI.framework */ = {isa = PBXFileReference; lastKnownFileType = wrapper.framework; name = SwiftUI.framework; path = System/Library/Frameworks/SwiftUI.framework; sourceTree = SDKROOT; };
		796D05D82F0AC5610064A2BC /* WidgetSyncManager.swift */ = {isa = PBXFileReference; lastKnownFileType = sourcecode.swift; path = WidgetSyncManager.swift; sourceTree = "<group>"; };
		796D06122F0AC8830064A2BC /* TabNewsWidgetsExtension.entitlements */ = {isa = PBXFileReference; lastKnownFileType = text.plist.entitlements; path = TabNewsWidgetsExtension.entitlements; sourceTree = "<group>"; };
		796D06302F0ADCA40064A2BC /* WidgetPost.swift */ = {isa = PBXFileReference; lastKnownFileType = sourcecode.swift; path = WidgetPost.swift; sourceTree = "<group>"; };
		796D06372F0AE4390064A2BC /* Comment.swift */ = {isa = PBXFileReference; lastKnownFileType = sourcecode.swift; path = Comment.swift; sourceTree = "<group>"; };
		796D063A2F0AE4C50064A2BC /* CommentRow.swift */ = {isa = PBXFileReference; lastKnownFileType = sourcecode.swift; path = CommentRow.swift; sourceTree = "<group>"; };
		796D063B2F0AE4C50064A2BC /* CommentsView.swift */ = {isa = PBXFileReference; lastKnownFileType = sourcecode.swift; path = CommentsView.swift; sourceTree = "<group>"; };
		796D063C2F0AE4C50064A2BC /* CommentsViewModel.swift */ = {isa = PBXFileReference; lastKnownFileType = sourcecode.swift; path = CommentsViewModel.swift; sourceTree = "<group>"; };
		796D06412F0AE5960064A2BC /* AuthSheet.swift */ = {isa = PBXFileReference; lastKnownFileType = sourcecode.swift; path = AuthSheet.swift; sourceTree = "<group>"; };
		796D06442F0AE5B10064A2BC /* AuthService.swift */ = {isa = PBXFileReference; lastKnownFileType = sourcecode.swift; path = AuthService.swift; sourceTree = "<group>"; };
		796D06452F0AE5B10064A2BC /* KeychainManager.swift */ = {isa = PBXFileReference; lastKnownFileType = sourcecode.swift; path = KeychainManager.swift; sourceTree = "<group>"; };
		796D06482F0AE5F30064A2BC /* CommentComposeSheet.swift */ = {isa = PBXFileReference; lastKnownFileType = sourcecode.swift; path = CommentComposeSheet.swift; sourceTree = "<group>"; };
		796D064A2F0AE61C0064A2BC /* User.swift */ = {isa = PBXFileReference; lastKnownFileType = sourcecode.swift; path = User.swift; sourceTree = "<group>"; };
		796D064C2F0AE8920064A2BC /* FloatingCommentInput.swift */ = {isa = PBXFileReference; lastKnownFileType = sourcecode.swift; path = FloatingCommentInput.swift; sourceTree = "<group>"; };
		796D064E2F0AF3960064A2BC /* ParticleSystem.swift */ = {isa = PBXFileReference; lastKnownFileType = sourcecode.swift; path = ParticleSystem.swift; sourceTree = "<group>"; };
		7982B74A2F00B3CA00666726 /* DigestBannerView.swift */ = {isa = PBXFileReference; lastKnownFileType = sourcecode.swift; path = DigestBannerView.swift; sourceTree = "<group>"; };
		7982B74B2F00B3CA00666726 /* DigestCard.swift */ = {isa = PBXFileReference; lastKnownFileType = sourcecode.swift; path = DigestCard.swift; sourceTree = "<group>"; };
		7982B74C2F00B3CA00666726 /* DigestDetailsView.swift */ = {isa = PBXFileReference; lastKnownFileType = sourcecode.swift; path = DigestDetailsView.swift; sourceTree = "<group>"; };
		7982B74D2F00B3CA00666726 /* DigestListView.swift */ = {isa = PBXFileReference; lastKnownFileType = sourcecode.swift; path = DigestListView.swift; sourceTree = "<group>"; };
		7982B74E2F00B3CA00666726 /* DigestView.swift */ = {isa = PBXFileReference; lastKnownFileType = sourcecode.swift; path = DigestView.swift; sourceTree = "<group>"; };
		7982B74F2F00B3CA00666726 /* DigestViewModel.swift */ = {isa = PBXFileReference; lastKnownFileType = sourcecode.swift; path = DigestViewModel.swift; sourceTree = "<group>"; };
		7982B7742F01778100666726 /* BetaTesterService.swift */ = {isa = PBXFileReference; lastKnownFileType = sourcecode.swift; path = BetaTesterService.swift; sourceTree = "<group>"; };
		799049E52A6C93D30050240C /* MainView.swift */ = {isa = PBXFileReference; lastKnownFileType = sourcecode.swift; path = MainView.swift; sourceTree = "<group>"; };
		799049E72A6C93D90050240C /* MainViewModel.swift */ = {isa = PBXFileReference; lastKnownFileType = sourcecode.swift; path = MainViewModel.swift; sourceTree = "<group>"; };
		799049F32A6C961C0050240C /* ListView.swift */ = {isa = PBXFileReference; lastKnownFileType = sourcecode.swift; path = ListView.swift; sourceTree = "<group>"; };
		799049F52A6C990E0050240C /* CardList.swift */ = {isa = PBXFileReference; lastKnownFileType = sourcecode.swift; path = CardList.swift; sourceTree = "<group>"; };
		799049F72A72F4BC0050240C /* Extensions.swift */ = {isa = PBXFileReference; lastKnownFileType = sourcecode.swift; path = Extensions.swift; sourceTree = "<group>"; };
		799049FC2A72F7BE0050240C /* ListDetailsView.swift */ = {isa = PBXFileReference; lastKnownFileType = sourcecode.swift; path = ListDetailsView.swift; sourceTree = "<group>"; };
		799049FE2A73068E0050240C /* DefaultViewState.swift */ = {isa = PBXFileReference; lastKnownFileType = sourcecode.swift; path = DefaultViewState.swift; sourceTree = "<group>"; };
		79904A032A73075A0050240C /* FailureView.swift */ = {isa = PBXFileReference; lastKnownFileType = sourcecode.swift; path = FailureView.swift; sourceTree = "<group>"; };
		79904A052A731F6F0050240C /* WebContentView.swift */ = {isa = PBXFileReference; lastKnownFileType = sourcecode.swift; path = WebContentView.swift; sourceTree = "<group>"; };
		79904A072A731F910050240C /* HTMLView.swift */ = {isa = PBXFileReference; lastKnownFileType = sourcecode.swift; path = HTMLView.swift; sourceTree = "<group>"; };
		79904A0A2A732E3F0050240C /* LikedList.swift */ = {isa = PBXFileReference; lastKnownFileType = sourcecode.swift; path = LikedList.swift; sourceTree = "<group>"; };
		79904A0D2A732FC90050240C /* SettingsView.swift */ = {isa = PBXFileReference; lastKnownFileType = sourcecode.swift; path = SettingsView.swift; sourceTree = "<group>"; };
		79904A0F2A732FE30050240C /* DuckView.swift */ = {isa = PBXFileReference; lastKnownFileType = sourcecode.swift; path = DuckView.swift; sourceTree = "<group>"; };
		79C706252D95E51F005C26A7 /* NetworkManagerProtocol.swift */ = {isa = PBXFileReference; lastKnownFileType = sourcecode.swift; path = NetworkManagerProtocol.swift; sourceTree = "<group>"; };
		79C706272D95E528005C26A7 /* RequestBuilder.swift */ = {isa = PBXFileReference; lastKnownFileType = sourcecode.swift; path = RequestBuilder.swift; sourceTree = "<group>"; };
		79C706292D95E534005C26A7 /* NetworkError.swift */ = {isa = PBXFileReference; lastKnownFileType = sourcecode.swift; path = NetworkError.swift; sourceTree = "<group>"; };
		79C7062C2D95E5E2005C26A7 /* ContentServiceProtocol.swift */ = {isa = PBXFileReference; lastKnownFileType = sourcecode.swift; path = ContentServiceProtocol.swift; sourceTree = "<group>"; };
		79C7062E2D95E5E6005C26A7 /* ContentService.swift */ = {isa = PBXFileReference; lastKnownFileType = sourcecode.swift; path = ContentService.swift; sourceTree = "<group>"; };
		79C706342D95E643005C26A7 /* Logger.swift */ = {isa = PBXFileReference; lastKnownFileType = sourcecode.swift; path = Logger.swift; sourceTree = "<group>"; };
		79C706392D95E766005C26A7 /* PostRequest.swift */ = {isa = PBXFileReference; lastKnownFileType = sourcecode.swift; path = PostRequest.swift; sourceTree = "<group>"; };
		79C7063B2D9AD132005C26A7 /* APIError.swift */ = {isa = PBXFileReference; lastKnownFileType = sourcecode.swift; path = APIError.swift; sourceTree = "<group>"; };
		79C7063D2D9ADBFA005C26A7 /* PostRow.swift */ = {isa = PBXFileReference; lastKnownFileType = sourcecode.swift; path = PostRow.swift; sourceTree = "<group>"; };
		79C7063F2D9ADD26005C26A7 /* EmptyLikedListView.swift */ = {isa = PBXFileReference; lastKnownFileType = sourcecode.swift; path = EmptyLikedListView.swift; sourceTree = "<group>"; };
		79C706442D9ADFD3005C26A7 /* Info.plist */ = {isa = PBXFileReference; lastKnownFileType = text.plist; path = Info.plist; sourceTree = "<group>"; };
		79C706452D9AE157005C26A7 /* NewsletterCard.swift */ = {isa = PBXFileReference; lastKnownFileType = sourcecode.swift; path = NewsletterCard.swift; sourceTree = "<group>"; };
		79C706472D9AE477005C26A7 /* SocialView.swift */ = {isa = PBXFileReference; lastKnownFileType = sourcecode.swift; path = SocialView.swift; sourceTree = "<group>"; };
		79C7064A2D9AFCE5005C26A7 /* OnboardingView.swift */ = {isa = PBXFileReference; lastKnownFileType = sourcecode.swift; path = OnboardingView.swift; sourceTree = "<group>"; };
		79C7064D2D9B0152005C26A7 /* bird-01.png */ = {isa = PBXFileReference; lastKnownFileType = image.png; path = "bird-01.png"; sourceTree = "<group>"; };
		79C7064E2D9B0152005C26A7 /* bird-02.png */ = {isa = PBXFileReference; lastKnownFileType = image.png; path = "bird-02.png"; sourceTree = "<group>"; };
		79C7064F2D9B0152005C26A7 /* bird-03.png */ = {isa = PBXFileReference; lastKnownFileType = image.png; path = "bird-03.png"; sourceTree = "<group>"; };
		79C706502D9B0152005C26A7 /* bird-04.png */ = {isa = PBXFileReference; lastKnownFileType = image.png; path = "bird-04.png"; sourceTree = "<group>"; };
		79D7E3792D81266A00391C82 /* NewsletterViewModel.swift */ = {isa = PBXFileReference; lastKnownFileType = sourcecode.swift; path = NewsletterViewModel.swift; sourceTree = "<group>"; };
		79D7E37B2D81280100391C82 /* NewsletterDetailsView.swift */ = {isa = PBXFileReference; lastKnownFileType = sourcecode.swift; path = NewsletterDetailsView.swift; sourceTree = "<group>"; };
		79E727F02EFB9CE3007BF27A /* LoadingOverlayView.swift */ = {isa = PBXFileReference; lastKnownFileType = sourcecode.swift; path = LoadingOverlayView.swift; sourceTree = "<group>"; };
		79E727F32EFB9D25007BF27A /* AppTab.swift */ = {isa = PBXFileReference; lastKnownFileType = sourcecode.swift; path = AppTab.swift; sourceTree = "<group>"; };
		79E727F62EFB9DA2007BF27A /* MainTabView.swift */ = {isa = PBXFileReference; lastKnownFileType = sourcecode.swift; path = MainTabView.swift; sourceTree = "<group>"; };
		79E727F82EFB9E27007BF27A /* MockContentService.swift */ = {isa = PBXFileReference; lastKnownFileType = sourcecode.swift; path = MockContentService.swift; sourceTree = "<group>"; };
		79E727FB2EFB9E76007BF27A /* AppDependencies.swift */ = {isa = PBXFileReference; lastKnownFileType = sourcecode.swift; path = AppDependencies.swift; sourceTree = "<group>"; };
		79E728002EFB9FCC007BF27A /* NotificationHandler.swift */ = {isa = PBXFileReference; lastKnownFileType = sourcecode.swift; path = NotificationHandler.swift; sourceTree = "<group>"; };
/* End PBXFileReference section */

/* Begin PBXFileSystemSynchronizedBuildFileExceptionSet section */
		790AB1062ECF67FD00E443E6 /* PBXFileSystemSynchronizedBuildFileExceptionSet */ = {
			isa = PBXFileSystemSynchronizedBuildFileExceptionSet;
			membershipExceptions = (
				SharedDataService.swift,
			);
			target = 791E87D32A4FD99B00C2F0B4 /* newtabnews */;
		};
		796D06362F0ADF1A0064A2BC /* PBXFileSystemSynchronizedBuildFileExceptionSet */ = {
			isa = PBXFileSystemSynchronizedBuildFileExceptionSet;
			membershipExceptions = (
				Info.plist,
			);
			target = 796D05AE2F0AC28C0064A2BC /* TabNewsWidgetsExtension */;
		};
		79E728042EFBA133007BF27A /* PBXFileSystemSynchronizedBuildFileExceptionSet */ = {
			isa = PBXFileSystemSynchronizedBuildFileExceptionSet;
			membershipExceptions = (
				NotificationModels.swift,
			);
			target = 790AB0DB2ECF66FF00E443E6 /* TabNews Watch Watch App */;
		};
/* End PBXFileSystemSynchronizedBuildFileExceptionSet section */

/* Begin PBXFileSystemSynchronizedRootGroup section */
		790AB0DD2ECF66FF00E443E6 /* TabNews Watch Watch App */ = {isa = PBXFileSystemSynchronizedRootGroup; exceptions = (790AB1062ECF67FD00E443E6 /* PBXFileSystemSynchronizedBuildFileExceptionSet */, ); explicitFileTypes = {}; explicitFolders = (); path = "TabNews Watch Watch App"; sourceTree = "<group>"; };
		796D05B52F0AC28C0064A2BC /* TabNewsWidgets */ = {isa = PBXFileSystemSynchronizedRootGroup; exceptions = (796D06362F0ADF1A0064A2BC /* PBXFileSystemSynchronizedBuildFileExceptionSet */, ); explicitFileTypes = {}; explicitFolders = (); path = TabNewsWidgets; sourceTree = "<group>"; };
		79C706412D9ADF07005C26A7 /* Notifications */ = {isa = PBXFileSystemSynchronizedRootGroup; exceptions = (79E728042EFBA133007BF27A /* PBXFileSystemSynchronizedBuildFileExceptionSet */, ); explicitFileTypes = {}; explicitFolders = (); path = Notifications; sourceTree = "<group>"; };
/* End PBXFileSystemSynchronizedRootGroup section */

/* Begin PBXFrameworksBuildPhase section */
		790AB0D92ECF66FF00E443E6 /* Frameworks */ = {
			isa = PBXFrameworksBuildPhase;
			buildActionMask = 2147483647;
			files = (
			);
			runOnlyForDeploymentPostprocessing = 0;
		};
		791E87D12A4FD99B00C2F0B4 /* Frameworks */ = {
			isa = PBXFrameworksBuildPhase;
			buildActionMask = 2147483647;
			files = (
				79259D2B2EFB7D0F004BC057 /* FirebaseMessaging in Frameworks */,
				79259D292EFB7D0F004BC057 /* FirebaseFirestore in Frameworks */,
			);
			runOnlyForDeploymentPostprocessing = 0;
		};
		796D05AC2F0AC28C0064A2BC /* Frameworks */ = {
			isa = PBXFrameworksBuildPhase;
			buildActionMask = 2147483647;
			files = (
				796D05B42F0AC28C0064A2BC /* SwiftUI.framework in Frameworks */,
				796D05B22F0AC28C0064A2BC /* WidgetKit.framework in Frameworks */,
			);
			runOnlyForDeploymentPostprocessing = 0;
		};
/* End PBXFrameworksBuildPhase section */

/* Begin PBXGroup section */
		790AB0C92ECEAEE000E443E6 /* Folder */ = {
			isa = PBXGroup;
			children = (
				7915847E2EFC878A00C69745 /* Components */,
				790AB0D02ECEB21C00E443E6 /* PostWithHighlightsView.swift */,
				790AB0C32ECEAEB100E443E6 /* AddFolderSheet.swift */,
				790AB0C72ECEAED600E443E6 /* FoldersView.swift */,
			);
			path = Folder;
			sourceTree = "<group>";
		};
		791584782EFC86C800C69745 /* Components */ = {
			isa = PBXGroup;
			children = (
				7915848F2EFC929C00C69745 /* PostCTAView.swift */,
				791584762EFC86BE00C69745 /* PostMetadataView.swift */,
				791584742EFC86B600C69745 /* PostHeaderView.swift */,
				791584722EFC86AE00C69745 /* PostActionsBar.swift */,
				791584702EFC86A700C69745 /* HighlightModeIndicator.swift */,
				7915846E2EFC869B00C69745 /* AudioControlsView.swift */,
				791CC1AA2F0B141000C8B38D /* PostHeader.swift */,
			);
			path = Components;
			sourceTree = "<group>";
		};
		7915847D2EFC870200C69745 /* Sheets */ = {
			isa = PBXGroup;
			children = (
				7915847B2EFC86FC00C69745 /* AddNoteSheet.swift */,
				791584792EFC86E800C69745 /* AddHighlightSheet.swift */,
			);
			path = Sheets;
			sourceTree = "<group>";
		};
		7915847E2EFC878A00C69745 /* Components */ = {
			isa = PBXGroup;
			children = (
				791584802EFC89F200C69745 /* ColorExtension.swift */,
				791584812EFC89F200C69745 /* EditModeToolbar.swift */,
				791584822EFC89F200C69745 /* EmptyLibraryView.swift */,
				791584832EFC89F200C69745 /* PostFileRow.swift */,
				791584842EFC89F200C69745 /* SpecialFolderRow.swift */,
				791584852EFC89F200C69745 /* UserFolderRow.swift */,
			);
			path = Components;
			sourceTree = "<group>";
		};
		791E87CB2A4FD99B00C2F0B4 = {
			isa = PBXGroup;
			children = (
				796D06122F0AC8830064A2BC /* TabNewsWidgetsExtension.entitlements */,
				791E87D62A4FD99B00C2F0B4 /* newtabnews */,
				790AB0DD2ECF66FF00E443E6 /* TabNews Watch Watch App */,
				796D05B52F0AC28C0064A2BC /* TabNewsWidgets */,
				796D05B02F0AC28C0064A2BC /* Frameworks */,
				791E87D52A4FD99B00C2F0B4 /* Products */,
			);
			sourceTree = "<group>";
		};
		791E87D52A4FD99B00C2F0B4 /* Products */ = {
			isa = PBXGroup;
			children = (
				791E87D42A4FD99B00C2F0B4 /* newtabnews.app */,
				790AB0DC2ECF66FF00E443E6 /* TabNews Watch Watch App.app */,
				796D05AF2F0AC28C0064A2BC /* TabNewsWidgetsExtension.appex */,
			);
			name = Products;
			sourceTree = "<group>";
		};
		791E87D62A4FD99B00C2F0B4 /* newtabnews */ = {
			isa = PBXGroup;
			children = (
				79C706442D9ADFD3005C26A7 /* Info.plist */,
				79C706412D9ADF07005C26A7 /* Notifications */,
				79C706362D95E6C4005C26A7 /* Models */,
				799049DB2A6B241F0050240C /* Core */,
				791E87E62A4FDA0E00C2F0B4 /* Network */,
				791E87EE2A4FDB3300C2F0B4 /* App */,
				791E87DB2A4FD99B00C2F0B4 /* Assets.xcassets */,
				791E87DD2A4FD99B00C2F0B4 /* newtabnews.entitlements */,
				791E87DE2A4FD99B00C2F0B4 /* Preview Content */,
				79259E8B2EFB82FB004BC057 /* GoogleService-Info.plist */,
			);
			path = newtabnews;
			sourceTree = "<group>";
		};
		791E87DE2A4FD99B00C2F0B4 /* Preview Content */ = {
			isa = PBXGroup;
			children = (
				791E87DF2A4FD99B00C2F0B4 /* Preview Assets.xcassets */,
			);
			path = "Preview Content";
			sourceTree = "<group>";
		};
		791E87E62A4FDA0E00C2F0B4 /* Network */ = {
			isa = PBXGroup;
			children = (
				79C7063B2D9AD132005C26A7 /* APIError.swift */,
				79C706342D95E643005C26A7 /* Logger.swift */,
				79C706292D95E534005C26A7 /* NetworkError.swift */,
				79C706272D95E528005C26A7 /* RequestBuilder.swift */,
				79C706252D95E51F005C26A7 /* NetworkManagerProtocol.swift */,
				0578C34654A4634FDF1FABC9 /* NetworkManager.swift */,
			);
			path = Network;
			sourceTree = "<group>";
		};
		791E87EE2A4FDB3300C2F0B4 /* App */ = {
			isa = PBXGroup;
			children = (
				79E727FB2EFB9E76007BF27A /* AppDependencies.swift */,
				79E727F62EFB9DA2007BF27A /* MainTabView.swift */,
				791E87D92A4FD99B00C2F0B4 /* ContentView.swift */,
				791E87D72A4FD99B00C2F0B4 /* newtabnewsApp.swift */,
			);
			path = App;
			sourceTree = "<group>";
		};
		794863842B5B55E6009AA720 /* Game */ = {
			isa = PBXGroup;
			children = (
				79C7064C2D9B0149005C26A7 /* bird.atlas */,
				794863852B5B55ED009AA720 /* GameController.swift */,
			);
			path = Game;
			sourceTree = "<group>";
		};
		795261702A7B0B63001FD010 /* Newsletter */ = {
			isa = PBXGroup;
			children = (
				79C706452D9AE157005C26A7 /* NewsletterCard.swift */,
				79D7E37B2D81280100391C82 /* NewsletterDetailsView.swift */,
				79D7E3792D81266A00391C82 /* NewsletterViewModel.swift */,
				795261712A7B0B6D001FD010 /* NewsletterView.swift */,
			);
			path = Newsletter;
			sourceTree = "<group>";
		};
		796D05B02F0AC28C0064A2BC /* Frameworks */ = {
			isa = PBXGroup;
			children = (
				796D05B12F0AC28C0064A2BC /* WidgetKit.framework */,
				796D05B32F0AC28C0064A2BC /* SwiftUI.framework */,
			);
			name = Frameworks;
			sourceTree = "<group>";
		};
		796D063D2F0AE4C50064A2BC /* Comments */ = {
			isa = PBXGroup;
			children = (
				796D06482F0AE5F30064A2BC /* CommentComposeSheet.swift */,
				796D064C2F0AE8920064A2BC /* FloatingCommentInput.swift */,
				796D063A2F0AE4C50064A2BC /* CommentRow.swift */,
				796D063B2F0AE4C50064A2BC /* CommentsView.swift */,
				796D063C2F0AE4C50064A2BC /* CommentsViewModel.swift */,
			);
			path = Comments;
			sourceTree = "<group>";
		};
		796D06422F0AE5960064A2BC /* Auth */ = {
			isa = PBXGroup;
			children = (
				790886172F0EC17F0068804C /* LoginSheet.swift */,
				790886182F0EC17F0068804C /* SignupWebView.swift */,
				796D06412F0AE5960064A2BC /* AuthSheet.swift */,
			);
			path = Auth;
			sourceTree = "<group>";
		};
		7982B7502F00B3CA00666726 /* Digest */ = {
			isa = PBXGroup;
			children = (
				7982B74A2F00B3CA00666726 /* DigestBannerView.swift */,
				7982B74B2F00B3CA00666726 /* DigestCard.swift */,
				7982B74C2F00B3CA00666726 /* DigestDetailsView.swift */,
				7982B74D2F00B3CA00666726 /* DigestListView.swift */,
				7982B74E2F00B3CA00666726 /* DigestView.swift */,
				7982B74F2F00B3CA00666726 /* DigestViewModel.swift */,
			);
			path = Digest;
			sourceTree = "<group>";
		};
		799049DB2A6B241F0050240C /* Core */ = {
			isa = PBXGroup;
			children = (
				799049E72A6C93D90050240C /* MainViewModel.swift */,
				79C706112D95E446005C26A7 /* Services */,
				799049DF2A6B24460050240C /* Dependencies */,
				799049DE2A6B243B0050240C /* Modules */,
				799049DD2A6B24310050240C /* Views */,
				799049DC2A6B24240050240C /* Components */,
			);
			path = Core;
			sourceTree = "<group>";
		};
		799049DC2A6B24240050240C /* Components */ = {
			isa = PBXGroup;
			children = (
				791B1F162ED4D10400B9143D /* HybridMarkdownView.swift */,
				791B1EBA2ED4CC9400B9143D /* SkeletonListView.swift */,
				791B1EB82ED4CC7E00B9143D /* SkeletonCard.swift */,
				790AB0D22ECEB9BE00E443E6 /* HighlightableTextView.swift */,
				79C7063D2D9ADBFA005C26A7 /* PostRow.swift */,
				799049F52A6C990E0050240C /* CardList.swift */,
				79E727F02EFB9CE3007BF27A /* LoadingOverlayView.swift */,
				796D064E2F0AF3960064A2BC /* ParticleSystem.swift */,
			);
			path = Components;
			sourceTree = "<group>";
		};
		799049DD2A6B24310050240C /* Views */ = {
			isa = PBXGroup;
			children = (
				790AB0C92ECEAEE000E443E6 /* Folder */,
				79C706492D9AFCB3005C26A7 /* Onboarding */,
				794863842B5B55E6009AA720 /* Game */,
				795261702A7B0B63001FD010 /* Newsletter */,
				79904A0C2A732FAE0050240C /* SettingsView */,
				79904A092A7322ED0050240C /* LikedList */,
				79904A002A7307270050240C /* FailureView */,
				799049FB2A72F6D10050240C /* ListDetails */,
				799049F22A6C96130050240C /* ListView */,
				799049E42A6C93C60050240C /* MainView */,
				7982B7502F00B3CA00666726 /* Digest */,
				796D063D2F0AE4C50064A2BC /* Comments */,
				796D06422F0AE5960064A2BC /* Auth */,
			);
			path = Views;
			sourceTree = "<group>";
		};
		799049DE2A6B243B0050240C /* Modules */ = {
			isa = PBXGroup;
			children = (
				799049FE2A73068E0050240C /* DefaultViewState.swift */,
			);
			path = Modules;
			sourceTree = "<group>";
		};
		799049DF2A6B24460050240C /* Dependencies */ = {
			isa = PBXGroup;
			children = (
				799049F72A72F4BC0050240C /* Extensions.swift */,
				79904A072A731F910050240C /* HTMLView.swift */,
				79904A0F2A732FE30050240C /* DuckView.swift */,
			);
			path = Dependencies;
			sourceTree = "<group>";
		};
		799049E42A6C93C60050240C /* MainView */ = {
			isa = PBXGroup;
			children = (
				799049E52A6C93D30050240C /* MainView.swift */,
			);
			path = MainView;
			sourceTree = "<group>";
		};
		799049F22A6C96130050240C /* ListView */ = {
			isa = PBXGroup;
			children = (
				799049F32A6C961C0050240C /* ListView.swift */,
			);
			path = ListView;
			sourceTree = "<group>";
		};
		799049FB2A72F6D10050240C /* ListDetails */ = {
			isa = PBXGroup;
			children = (
				7915847D2EFC870200C69745 /* Sheets */,
				791584782EFC86C800C69745 /* Components */,
				799049FC2A72F7BE0050240C /* ListDetailsView.swift */,
				79904A052A731F6F0050240C /* WebContentView.swift */,
			);
			path = ListDetails;
			sourceTree = "<group>";
		};
		79904A002A7307270050240C /* FailureView */ = {
			isa = PBXGroup;
			children = (
				79904A032A73075A0050240C /* FailureView.swift */,
			);
			path = FailureView;
			sourceTree = "<group>";
		};
		79904A092A7322ED0050240C /* LikedList */ = {
			isa = PBXGroup;
			children = (
				79C7063F2D9ADD26005C26A7 /* EmptyLikedListView.swift */,
				79904A0A2A732E3F0050240C /* LikedList.swift */,
			);
			path = LikedList;
			sourceTree = "<group>";
		};
		79904A0C2A732FAE0050240C /* SettingsView */ = {
			isa = PBXGroup;
			children = (
				79C706472D9AE477005C26A7 /* SocialView.swift */,
				79904A0D2A732FC90050240C /* SettingsView.swift */,
			);
			path = SettingsView;
			sourceTree = "<group>";
		};
		79C706112D95E446005C26A7 /* Services */ = {
			isa = PBXGroup;
			children = (
				79E728002EFB9FCC007BF27A /* NotificationHandler.swift */,
				79E727F82EFB9E27007BF27A /* MockContentService.swift */,
				79259D2E2EFB81FE004BC057 /* FirebasePushNotificationService.swift */,
				796D06442F0AE5B10064A2BC /* AuthService.swift */,
				796D06452F0AE5B10064A2BC /* KeychainManager.swift */,
				796D05D82F0AC5610064A2BC /* WidgetSyncManager.swift */,
				790AB11B2ECF811F00E443E6 /* WatchSyncManager.swift */,
				790AB0D42ECEBE3A00E443E6 /* AppUsageTracker.swift */,
				790AB0C02ECEAE9500E443E6 /* TextToSpeechManager.swift */,
				79C7062E2D95E5E6005C26A7 /* ContentService.swift */,
				79C7062C2D95E5E2005C26A7 /* ContentServiceProtocol.swift */,
				7982B7742F01778100666726 /* BetaTesterService.swift */,
				791CC1A82F0B134E00C8B38D /* VoteManager.swift */,
			);
			path = Services;
			sourceTree = "<group>";
		};
		79C706362D95E6C4005C26A7 /* Models */ = {
			isa = PBXGroup;
			children = (
				79E727F32EFB9D25007BF27A /* AppTab.swift */,
				796D06372F0AE4390064A2BC /* Comment.swift */,
				796D06302F0ADCA40064A2BC /* WidgetPost.swift */,
				790AB0CE2ECEAF2B00E443E6 /* Note.swift */,
				790AB0CC2ECEAF1300E443E6 /* Highlight.swift */,
				790AB0CA2ECEAF0500E443E6 /* Folder.swift */,
				79C706392D95E766005C26A7 /* PostRequest.swift */,
				7915848C2EFC903C00C69745 /* SavedPost.swift */,
				796D064A2F0AE61C0064A2BC /* User.swift */,
			);
			path = Models;
			sourceTree = "<group>";
		};
		79C706492D9AFCB3005C26A7 /* Onboarding */ = {
			isa = PBXGroup;
			children = (
				79C7064A2D9AFCE5005C26A7 /* OnboardingView.swift */,
				791584972EFC97F900C69745 /* OnboardingTipsView.swift */,
			);
			path = Onboarding;
			sourceTree = "<group>";
		};
		79C7064C2D9B0149005C26A7 /* bird.atlas */ = {
			isa = PBXGroup;
			children = (
				79C7064D2D9B0152005C26A7 /* bird-01.png */,
				79C7064E2D9B0152005C26A7 /* bird-02.png */,
				79C7064F2D9B0152005C26A7 /* bird-03.png */,
				79C706502D9B0152005C26A7 /* bird-04.png */,
			);
			path = bird.atlas;
			sourceTree = "<group>";
		};
/* End PBXGroup section */

/* Begin PBXNativeTarget section */
		790AB0DB2ECF66FF00E443E6 /* TabNews Watch Watch App */ = {
			isa = PBXNativeTarget;
			buildConfigurationList = 790AB0EA2ECF670100E443E6 /* Build configuration list for PBXNativeTarget "TabNews Watch Watch App" */;
			buildPhases = (
				790AB0D82ECF66FF00E443E6 /* Sources */,
				790AB0D92ECF66FF00E443E6 /* Frameworks */,
				790AB0DA2ECF66FF00E443E6 /* Resources */,
			);
			buildRules = (
			);
			dependencies = (
			);
			fileSystemSynchronizedGroups = (
				790AB0DD2ECF66FF00E443E6 /* TabNews Watch Watch App */,
			);
			name = "TabNews Watch Watch App";
			packageProductDependencies = (
			);
			productName = "TabNews Watch Watch App";
			productReference = 790AB0DC2ECF66FF00E443E6 /* TabNews Watch Watch App.app */;
			productType = "com.apple.product-type.application";
		};
		791E87D32A4FD99B00C2F0B4 /* newtabnews */ = {
			isa = PBXNativeTarget;
			buildConfigurationList = 791E87E32A4FD99B00C2F0B4 /* Build configuration list for PBXNativeTarget "newtabnews" */;
			buildPhases = (
				791E87D02A4FD99B00C2F0B4 /* Sources */,
				791E87D12A4FD99B00C2F0B4 /* Frameworks */,
				791E87D22A4FD99B00C2F0B4 /* Resources */,
				790AB0E72ECF670100E443E6 /* Embed Watch Content */,
				796D062A2F0AD7760064A2BC /* Embed Foundation Extensions */,
			);
			buildRules = (
			);
			dependencies = (
				790AB0E52ECF670100E443E6 /* PBXTargetDependency */,
				796D06292F0AD7760064A2BC /* PBXTargetDependency */,
				796D062C2F0AD77D0064A2BC /* PBXTargetDependency */,
			);
			fileSystemSynchronizedGroups = (
				79C706412D9ADF07005C26A7 /* Notifications */,
			);
			name = newtabnews;
			productName = newtabnews;
			productReference = 791E87D42A4FD99B00C2F0B4 /* newtabnews.app */;
			productType = "com.apple.product-type.application";
		};
		796D05AE2F0AC28C0064A2BC /* TabNewsWidgetsExtension */ = {
			isa = PBXNativeTarget;
			buildConfigurationList = 796D05C22F0AC28E0064A2BC /* Build configuration list for PBXNativeTarget "TabNewsWidgetsExtension" */;
			buildPhases = (
				796D05AB2F0AC28C0064A2BC /* Sources */,
				796D05AC2F0AC28C0064A2BC /* Frameworks */,
				796D05AD2F0AC28C0064A2BC /* Resources */,
			);
			buildRules = (
			);
			dependencies = (
			);
			fileSystemSynchronizedGroups = (
				796D05B52F0AC28C0064A2BC /* TabNewsWidgets */,
			);
			name = TabNewsWidgetsExtension;
			packageProductDependencies = (
			);
			productName = TabNewsWidgetsExtension;
			productReference = 796D05AF2F0AC28C0064A2BC /* TabNewsWidgetsExtension.appex */;
			productType = "com.apple.product-type.app-extension";
		};
/* End PBXNativeTarget section */

/* Begin PBXProject section */
		791E87CC2A4FD99B00C2F0B4 /* Project object */ = {
			isa = PBXProject;
			attributes = {
				BuildIndependentTargetsInParallel = 1;
				LastSwiftUpdateCheck = 2620;
				LastUpgradeCheck = 1430;
				TargetAttributes = {
					790AB0DB2ECF66FF00E443E6 = {
						CreatedOnToolsVersion = 26.1.1;
					};
					791E87D32A4FD99B00C2F0B4 = {
						CreatedOnToolsVersion = 14.3.1;
					};
					796D05AE2F0AC28C0064A2BC = {
						CreatedOnToolsVersion = 26.2;
					};
				};
			};
			buildConfigurationList = 791E87CF2A4FD99B00C2F0B4 /* Build configuration list for PBXProject "newtabnews" */;
			compatibilityVersion = "Xcode 14.0";
			developmentRegion = en;
			hasScannedForEncodings = 0;
			knownRegions = (
				en,
				Base,
			);
			mainGroup = 791E87CB2A4FD99B00C2F0B4;
			packageReferences = (
				79259D272EFB7D0F004BC057 /* XCRemoteSwiftPackageReference "firebase-ios-sdk" */,
			);
			productRefGroup = 791E87D52A4FD99B00C2F0B4 /* Products */;
			projectDirPath = "";
			projectRoot = "";
			targets = (
				791E87D32A4FD99B00C2F0B4 /* newtabnews */,
				790AB0DB2ECF66FF00E443E6 /* TabNews Watch Watch App */,
				796D05AE2F0AC28C0064A2BC /* TabNewsWidgetsExtension */,
			);
		};
/* End PBXProject section */

/* Begin PBXResourcesBuildPhase section */
		790AB0DA2ECF66FF00E443E6 /* Resources */ = {
			isa = PBXResourcesBuildPhase;
			buildActionMask = 2147483647;
			files = (
				79259E8D2EFB83BD004BC057 /* GoogleService-Info.plist in Resources */,
			);
			runOnlyForDeploymentPostprocessing = 0;
		};
		791E87D22A4FD99B00C2F0B4 /* Resources */ = {
			isa = PBXResourcesBuildPhase;
			buildActionMask = 2147483647;
			files = (
				79C706512D9B0152005C26A7 /* bird-02.png in Resources */,
				79C706522D9B0152005C26A7 /* bird-03.png in Resources */,
				79C706532D9B0152005C26A7 /* bird-04.png in Resources */,
				79C706542D9B0152005C26A7 /* bird-01.png in Resources */,
				791E87E02A4FD99B00C2F0B4 /* Preview Assets.xcassets in Resources */,
				791E87DC2A4FD99B00C2F0B4 /* Assets.xcassets in Resources */,
				79259E8C2EFB82FB004BC057 /* GoogleService-Info.plist in Resources */,
			);
			runOnlyForDeploymentPostprocessing = 0;
		};
		796D05AD2F0AC28C0064A2BC /* Resources */ = {
			isa = PBXResourcesBuildPhase;
			buildActionMask = 2147483647;
			files = (
			);
			runOnlyForDeploymentPostprocessing = 0;
		};
/* End PBXResourcesBuildPhase section */

/* Begin PBXSourcesBuildPhase section */
		790AB0D82ECF66FF00E443E6 /* Sources */ = {
			isa = PBXSourcesBuildPhase;
			buildActionMask = 2147483647;
			files = (
				790AB0EE2ECF674600E443E6 /* PostRequest.swift in Sources */,
				79E728022EFB9FCC007BF27A /* NotificationHandler.swift in Sources */,
				790AB0ED2ECF674200E443E6 /* Folder.swift in Sources */,
				790AB10C2ECF68F000E443E6 /* RequestBuilder.swift in Sources */,
				79E727FA2EFB9E27007BF27A /* MockContentService.swift in Sources */,
				790AB1102ECF691D00E443E6 /* ContentServiceProtocol.swift in Sources */,
				7982B7762F01778100666726 /* BetaTesterService.swift in Sources */,
				790AB1082ECF68CE00E443E6 /* Logger.swift in Sources */,
				79E727F52EFB9D25007BF27A /* AppTab.swift in Sources */,
				790AB10B2ECF68E800E443E6 /* APIError.swift in Sources */,
				790AB11C2ECF811F00E443E6 /* WatchSyncManager.swift in Sources */,
				796D06332F0ADCA40064A2BC /* WidgetPost.swift in Sources */,
				790AB1072ECF68C200E443E6 /* NetworkManager.swift in Sources */,
				790AB10F2ECF691A00E443E6 /* ContentService.swift in Sources */,
				79E727F12EFB9CE3007BF27A /* LoadingOverlayView.swift in Sources */,
				790AB0EC2ECF673E00E443E6 /* Highlight.swift in Sources */,
				7915848E2EFC903C00C69745 /* SavedPost.swift in Sources */,
				790AB1172ECF69A800E443E6 /* TextToSpeechManager.swift in Sources */,
				796D06392F0AE4760064A2BC /* Comment.swift in Sources */,
				790AB1092ECF68D600E443E6 /* NetworkManagerProtocol.swift in Sources */,
				790AB10A2ECF68E100E443E6 /* NetworkError.swift in Sources */,
				790AB0EB2ECF673B00E443E6 /* Note.swift in Sources */,
			);
			runOnlyForDeploymentPostprocessing = 0;
		};
		791E87D02A4FD99B00C2F0B4 /* Sources */ = {
			isa = PBXSourcesBuildPhase;
			buildActionMask = 2147483647;
			files = (
				791E87DA2A4FD99B00C2F0B4 /* ContentView.swift in Sources */,
				791B1F172ED4D10400B9143D /* HybridMarkdownView.swift in Sources */,
				79C7062A2D95E534005C26A7 /* NetworkError.swift in Sources */,
				790AB0D32ECEB9BE00E443E6 /* HighlightableTextView.swift in Sources */,
				79C706402D9ADD26005C26A7 /* EmptyLikedListView.swift in Sources */,
				796D06312F0ADCA40064A2BC /* WidgetPost.swift in Sources */,
				796D06462F0AE5B10064A2BC /* KeychainManager.swift in Sources */,
				796D06472F0AE5B10064A2BC /* AuthService.swift in Sources */,
				7915847C2EFC86FC00C69745 /* AddNoteSheet.swift in Sources */,
				79D7E37C2D81280100391C82 /* NewsletterDetailsView.swift in Sources */,
				79904A082A731F910050240C /* HTMLView.swift in Sources */,
				790AB0C42ECEAEB100E443E6 /* AddFolderSheet.swift in Sources */,
				79C706282D95E528005C26A7 /* RequestBuilder.swift in Sources */,
				796D064B2F0AE61C0064A2BC /* User.swift in Sources */,
				79C706482D9AE477005C26A7 /* SocialView.swift in Sources */,
				791584862EFC89F200C69745 /* UserFolderRow.swift in Sources */,
				791584872EFC89F200C69745 /* EmptyLibraryView.swift in Sources */,
				796D06432F0AE5960064A2BC /* AuthSheet.swift in Sources */,
				791584882EFC89F200C69745 /* SpecialFolderRow.swift in Sources */,
				791584892EFC89F200C69745 /* PostFileRow.swift in Sources */,
				7915848A2EFC89F200C69745 /* ColorExtension.swift in Sources */,
				7915848B2EFC89F200C69745 /* EditModeToolbar.swift in Sources */,
				79C7063E2D9ADBFA005C26A7 /* PostRow.swift in Sources */,
				79C706352D95E643005C26A7 /* Logger.swift in Sources */,
				799049FD2A72F7BE0050240C /* ListDetailsView.swift in Sources */,
				79E727F42EFB9D25007BF27A /* AppTab.swift in Sources */,
				790886192F0EC17F0068804C /* LoginSheet.swift in Sources */,
				7908861A2F0EC17F0068804C /* SignupWebView.swift in Sources */,
				7982B7752F01778100666726 /* BetaTesterService.swift in Sources */,
				79C7063A2D95E766005C26A7 /* PostRequest.swift in Sources */,
				79D7E37A2D81266A00391C82 /* NewsletterViewModel.swift in Sources */,
				79E727FC2EFB9E76007BF27A /* AppDependencies.swift in Sources */,
				791584712EFC86A700C69745 /* HighlightModeIndicator.swift in Sources */,
				79E727F92EFB9E27007BF27A /* MockContentService.swift in Sources */,
				790AB11D2ECF811F00E443E6 /* WatchSyncManager.swift in Sources */,
				796D05DB2F0AC5610064A2BC /* WidgetSyncManager.swift in Sources */,
				79904A062A731F6F0050240C /* WebContentView.swift in Sources */,
				790AB0CD2ECEAF1300E443E6 /* Highlight.swift in Sources */,
				79904A0B2A732E3F0050240C /* LikedList.swift in Sources */,
				791584982EFC97F900C69745 /* OnboardingTipsView.swift in Sources */,
				7915848D2EFC903C00C69745 /* SavedPost.swift in Sources */,
				790AB0D12ECEB21C00E443E6 /* PostWithHighlightsView.swift in Sources */,
				79904A0E2A732FC90050240C /* SettingsView.swift in Sources */,
				79904A102A732FE30050240C /* DuckView.swift in Sources */,
				7915847A2EFC86E800C69745 /* AddHighlightSheet.swift in Sources */,
				790AB0D52ECEBE3A00E443E6 /* AppUsageTracker.swift in Sources */,
				79C706122D95E485005C26A7 /* NetworkManager.swift in Sources */,
				79C706462D9AE157005C26A7 /* NewsletterCard.swift in Sources */,
				796D06382F0AE4390064A2BC /* Comment.swift in Sources */,
				791E87D82A4FD99B00C2F0B4 /* newtabnewsApp.swift in Sources */,
				796D064F2F0AF3960064A2BC /* ParticleSystem.swift in Sources */,
				79E727F72EFB9DA2007BF27A /* MainTabView.swift in Sources */,
				790AB0C82ECEAED600E443E6 /* FoldersView.swift in Sources */,
				79C7064B2D9AFCE5005C26A7 /* OnboardingView.swift in Sources */,
				791584752EFC86B600C69745 /* PostHeaderView.swift in Sources */,
				799049F82A72F4BC0050240C /* Extensions.swift in Sources */,
				790AB0C12ECEAE9500E443E6 /* TextToSpeechManager.swift in Sources */,
				791584902EFC929C00C69745 /* PostCTAView.swift in Sources */,
				791584732EFC86AE00C69745 /* PostActionsBar.swift in Sources */,
				799049F42A6C961C0050240C /* ListView.swift in Sources */,
				79C7062D2D95E5E2005C26A7 /* ContentServiceProtocol.swift in Sources */,
				791B1EBB2ED4CC9400B9143D /* SkeletonListView.swift in Sources */,
				799049F62A6C990E0050240C /* CardList.swift in Sources */,
				79904A042A73075A0050240C /* FailureView.swift in Sources */,
				790AB0CF2ECEAF2B00E443E6 /* Note.swift in Sources */,
				795261722A7B0B6D001FD010 /* NewsletterView.swift in Sources */,
				79C7063C2D9AD132005C26A7 /* APIError.swift in Sources */,
				79259D302EFB81FE004BC057 /* FirebasePushNotificationService.swift in Sources */,
				79E727F22EFB9CE3007BF27A /* LoadingOverlayView.swift in Sources */,
				799049E62A6C93D30050240C /* MainView.swift in Sources */,
				796D06492F0AE5F30064A2BC /* CommentComposeSheet.swift in Sources */,
				796D064D2F0AE8920064A2BC /* FloatingCommentInput.swift in Sources */,
				79C7062F2D95E5E6005C26A7 /* ContentService.swift in Sources */,
				799049E82A6C93D90050240C /* MainViewModel.swift in Sources */,
				790AB0CB2ECEAF0500E443E6 /* Folder.swift in Sources */,
				791CC1A92F0B134E00C8B38D /* VoteManager.swift in Sources */,
				791584772EFC86BE00C69745 /* PostMetadataView.swift in Sources */,
				791B1EB92ED4CC7E00B9143D /* SkeletonCard.swift in Sources */,
				796D063E2F0AE4C50064A2BC /* CommentsView.swift in Sources */,
				796D063F2F0AE4C50064A2BC /* CommentsViewModel.swift in Sources */,
				796D06402F0AE4C50064A2BC /* CommentRow.swift in Sources */,
				7915846F2EFC869B00C69745 /* AudioControlsView.swift in Sources */,
				799049FF2A73068E0050240C /* DefaultViewState.swift in Sources */,
				7982B7512F00B3CA00666726 /* DigestCard.swift in Sources */,
				7982B7522F00B3CA00666726 /* DigestBannerView.swift in Sources */,
				7982B7532F00B3CA00666726 /* DigestViewModel.swift in Sources */,
				7982B7542F00B3CA00666726 /* DigestListView.swift in Sources */,
				791CC1AB2F0B141000C8B38D /* PostHeader.swift in Sources */,
				7982B7552F00B3CA00666726 /* DigestDetailsView.swift in Sources */,
				7982B7562F00B3CA00666726 /* DigestView.swift in Sources */,
				79C706262D95E51F005C26A7 /* NetworkManagerProtocol.swift in Sources */,
				79E728012EFB9FCC007BF27A /* NotificationHandler.swift in Sources */,
				794863862B5B55ED009AA720 /* GameController.swift in Sources */,
			);
			runOnlyForDeploymentPostprocessing = 0;
		};
		796D05AB2F0AC28C0064A2BC /* Sources */ = {
			isa = PBXSourcesBuildPhase;
			buildActionMask = 2147483647;
			files = (
				796D05D92F0AC5610064A2BC /* WidgetSyncManager.swift in Sources */,
				796D060F2F0AC72D0064A2BC /* PostRequest.swift in Sources */,
				796D06322F0ADCA40064A2BC /* WidgetPost.swift in Sources */,
			);
			runOnlyForDeploymentPostprocessing = 0;
		};
/* End PBXSourcesBuildPhase section */

/* Begin PBXTargetDependency section */
		790AB0E52ECF670100E443E6 /* PBXTargetDependency */ = {
			isa = PBXTargetDependency;
			target = 790AB0DB2ECF66FF00E443E6 /* TabNews Watch Watch App */;
			targetProxy = 790AB0E42ECF670100E443E6 /* PBXContainerItemProxy */;
		};
		796D06292F0AD7760064A2BC /* PBXTargetDependency */ = {
			isa = PBXTargetDependency;
			target = 796D05AE2F0AC28C0064A2BC /* TabNewsWidgetsExtension */;
			targetProxy = 796D06282F0AD7760064A2BC /* PBXContainerItemProxy */;
		};
		796D062C2F0AD77D0064A2BC /* PBXTargetDependency */ = {
			isa = PBXTargetDependency;
			target = 796D05AE2F0AC28C0064A2BC /* TabNewsWidgetsExtension */;
			targetProxy = 796D062B2F0AD77D0064A2BC /* PBXContainerItemProxy */;
		};
/* End PBXTargetDependency section */

/* Begin XCBuildConfiguration section */
		790AB0E82ECF670100E443E6 /* Debug */ = {
			isa = XCBuildConfiguration;
			buildSettings = {
				ASSETCATALOG_COMPILER_APPICON_NAME = AppIcon;
				ASSETCATALOG_COMPILER_GENERATE_SWIFT_ASSET_SYMBOL_EXTENSIONS = YES;
				ASSETCATALOG_COMPILER_GLOBAL_ACCENT_COLOR_NAME = AccentColor;
				CODE_SIGN_ENTITLEMENTS = "TabNews Watch Watch App/TabNews Watch Watch App.entitlements";
				CODE_SIGN_STYLE = Automatic;
				CURRENT_PROJECT_VERSION = 1;
				DEVELOPMENT_TEAM = YM283LC5H4;
				ENABLE_PREVIEWS = YES;
				ENABLE_USER_SCRIPT_SANDBOXING = YES;
				GCC_C_LANGUAGE_STANDARD = gnu17;
				GENERATE_INFOPLIST_FILE = YES;
				INFOPLIST_KEY_CFBundleDisplayName = "TabNews Watch";
				INFOPLIST_KEY_CFBundleIconName = AppIcon;
				INFOPLIST_KEY_UISupportedInterfaceOrientations = "UIInterfaceOrientationPortrait UIInterfaceOrientationPortraitUpsideDown";
				INFOPLIST_KEY_WKCompanionAppBundleIdentifier = dev.luizmello.newtabnews;
				LD_RUNPATH_SEARCH_PATHS = (
					"$(inherited)",
					"@executable_path/Frameworks",
				);
				LOCALIZATION_PREFERS_STRING_CATALOGS = YES;
				MARKETING_VERSION = 1.0;
				PRODUCT_BUNDLE_IDENTIFIER = dev.luizmello.newtabnews.watchkitapp;
				PRODUCT_NAME = "$(TARGET_NAME)";
				SDKROOT = watchos;
				SKIP_INSTALL = YES;
				STRING_CATALOG_GENERATE_SYMBOLS = YES;
				SWIFT_ACTIVE_COMPILATION_CONDITIONS = "DEBUG $(inherited)";
				SWIFT_APPROACHABLE_CONCURRENCY = YES;
				SWIFT_DEFAULT_ACTOR_ISOLATION = MainActor;
				SWIFT_EMIT_LOC_STRINGS = YES;
				SWIFT_UPCOMING_FEATURE_MEMBER_IMPORT_VISIBILITY = YES;
				SWIFT_VERSION = 5.0;
				TARGETED_DEVICE_FAMILY = 4;
				WATCHOS_DEPLOYMENT_TARGET = 26.1;
			};
			name = Debug;
		};
		790AB0E92ECF670100E443E6 /* Release */ = {
			isa = XCBuildConfiguration;
			buildSettings = {
				ASSETCATALOG_COMPILER_APPICON_NAME = AppIcon;
				ASSETCATALOG_COMPILER_GENERATE_SWIFT_ASSET_SYMBOL_EXTENSIONS = YES;
				ASSETCATALOG_COMPILER_GLOBAL_ACCENT_COLOR_NAME = AccentColor;
				CODE_SIGN_ENTITLEMENTS = "TabNews Watch Watch App/TabNews Watch Watch App.entitlements";
				CODE_SIGN_STYLE = Automatic;
				CURRENT_PROJECT_VERSION = 1;
				DEVELOPMENT_TEAM = YM283LC5H4;
				ENABLE_PREVIEWS = YES;
				ENABLE_USER_SCRIPT_SANDBOXING = YES;
				GCC_C_LANGUAGE_STANDARD = gnu17;
				GENERATE_INFOPLIST_FILE = YES;
				INFOPLIST_KEY_CFBundleDisplayName = "TabNews Watch";
				INFOPLIST_KEY_CFBundleIconName = AppIcon;
				INFOPLIST_KEY_UISupportedInterfaceOrientations = "UIInterfaceOrientationPortrait UIInterfaceOrientationPortraitUpsideDown";
				INFOPLIST_KEY_WKCompanionAppBundleIdentifier = dev.luizmello.newtabnews;
				LD_RUNPATH_SEARCH_PATHS = (
					"$(inherited)",
					"@executable_path/Frameworks",
				);
				LOCALIZATION_PREFERS_STRING_CATALOGS = YES;
				MARKETING_VERSION = 1.0;
				PRODUCT_BUNDLE_IDENTIFIER = dev.luizmello.newtabnews.watchkitapp;
				PRODUCT_NAME = "$(TARGET_NAME)";
				SDKROOT = watchos;
				SKIP_INSTALL = YES;
				STRING_CATALOG_GENERATE_SYMBOLS = YES;
				SWIFT_APPROACHABLE_CONCURRENCY = YES;
				SWIFT_DEFAULT_ACTOR_ISOLATION = MainActor;
				SWIFT_EMIT_LOC_STRINGS = YES;
				SWIFT_UPCOMING_FEATURE_MEMBER_IMPORT_VISIBILITY = YES;
				SWIFT_VERSION = 5.0;
				TARGETED_DEVICE_FAMILY = 4;
				VALIDATE_PRODUCT = YES;
				WATCHOS_DEPLOYMENT_TARGET = 26.1;
			};
			name = Release;
		};
		791E87E12A4FD99B00C2F0B4 /* Debug */ = {
			isa = XCBuildConfiguration;
			buildSettings = {
				ALWAYS_SEARCH_USER_PATHS = NO;
				CLANG_ANALYZER_NONNULL = YES;
				CLANG_ANALYZER_NUMBER_OBJECT_CONVERSION = YES_AGGRESSIVE;
				CLANG_CXX_LANGUAGE_STANDARD = "gnu++20";
				CLANG_ENABLE_MODULES = YES;
				CLANG_ENABLE_OBJC_ARC = YES;
				CLANG_ENABLE_OBJC_WEAK = YES;
				CLANG_WARN_BLOCK_CAPTURE_AUTORELEASING = YES;
				CLANG_WARN_BOOL_CONVERSION = YES;
				CLANG_WARN_COMMA = YES;
				CLANG_WARN_CONSTANT_CONVERSION = YES;
				CLANG_WARN_DEPRECATED_OBJC_IMPLEMENTATIONS = YES;
				CLANG_WARN_DIRECT_OBJC_ISA_USAGE = YES_ERROR;
				CLANG_WARN_DOCUMENTATION_COMMENTS = YES;
				CLANG_WARN_EMPTY_BODY = YES;
				CLANG_WARN_ENUM_CONVERSION = YES;
				CLANG_WARN_INFINITE_RECURSION = YES;
				CLANG_WARN_INT_CONVERSION = YES;
				CLANG_WARN_NON_LITERAL_NULL_CONVERSION = YES;
				CLANG_WARN_OBJC_IMPLICIT_RETAIN_SELF = YES;
				CLANG_WARN_OBJC_LITERAL_CONVERSION = YES;
				CLANG_WARN_OBJC_ROOT_CLASS = YES_ERROR;
				CLANG_WARN_QUOTED_INCLUDE_IN_FRAMEWORK_HEADER = YES;
				CLANG_WARN_RANGE_LOOP_ANALYSIS = YES;
				CLANG_WARN_STRICT_PROTOTYPES = YES;
				CLANG_WARN_SUSPICIOUS_MOVE = YES;
				CLANG_WARN_UNGUARDED_AVAILABILITY = YES_AGGRESSIVE;
				CLANG_WARN_UNREACHABLE_CODE = YES;
				CLANG_WARN__DUPLICATE_METHOD_MATCH = YES;
				COPY_PHASE_STRIP = NO;
				DEBUG_INFORMATION_FORMAT = dwarf;
				ENABLE_STRICT_OBJC_MSGSEND = YES;
				ENABLE_TESTABILITY = YES;
				GCC_C_LANGUAGE_STANDARD = gnu11;
				GCC_DYNAMIC_NO_PIC = NO;
				GCC_NO_COMMON_BLOCKS = YES;
				GCC_OPTIMIZATION_LEVEL = 0;
				GCC_PREPROCESSOR_DEFINITIONS = (
					"DEBUG=1",
					"$(inherited)",
				);
				GCC_WARN_64_TO_32_BIT_CONVERSION = YES;
				GCC_WARN_ABOUT_RETURN_TYPE = YES_ERROR;
				GCC_WARN_UNDECLARED_SELECTOR = YES;
				GCC_WARN_UNINITIALIZED_AUTOS = YES_AGGRESSIVE;
				GCC_WARN_UNUSED_FUNCTION = YES;
				GCC_WARN_UNUSED_VARIABLE = YES;
				MTL_ENABLE_DEBUG_INFO = INCLUDE_SOURCE;
				MTL_FAST_MATH = YES;
				ONLY_ACTIVE_ARCH = YES;
				SWIFT_ACTIVE_COMPILATION_CONDITIONS = DEBUG;
				SWIFT_OPTIMIZATION_LEVEL = "-Onone";
			};
			name = Debug;
		};
		791E87E22A4FD99B00C2F0B4 /* Release */ = {
			isa = XCBuildConfiguration;
			buildSettings = {
				ALWAYS_SEARCH_USER_PATHS = NO;
				CLANG_ANALYZER_NONNULL = YES;
				CLANG_ANALYZER_NUMBER_OBJECT_CONVERSION = YES_AGGRESSIVE;
				CLANG_CXX_LANGUAGE_STANDARD = "gnu++20";
				CLANG_ENABLE_MODULES = YES;
				CLANG_ENABLE_OBJC_ARC = YES;
				CLANG_ENABLE_OBJC_WEAK = YES;
				CLANG_WARN_BLOCK_CAPTURE_AUTORELEASING = YES;
				CLANG_WARN_BOOL_CONVERSION = YES;
				CLANG_WARN_COMMA = YES;
				CLANG_WARN_CONSTANT_CONVERSION = YES;
				CLANG_WARN_DEPRECATED_OBJC_IMPLEMENTATIONS = YES;
				CLANG_WARN_DIRECT_OBJC_ISA_USAGE = YES_ERROR;
				CLANG_WARN_DOCUMENTATION_COMMENTS = YES;
				CLANG_WARN_EMPTY_BODY = YES;
				CLANG_WARN_ENUM_CONVERSION = YES;
				CLANG_WARN_INFINITE_RECURSION = YES;
				CLANG_WARN_INT_CONVERSION = YES;
				CLANG_WARN_NON_LITERAL_NULL_CONVERSION = YES;
				CLANG_WARN_OBJC_IMPLICIT_RETAIN_SELF = YES;
				CLANG_WARN_OBJC_LITERAL_CONVERSION = YES;
				CLANG_WARN_OBJC_ROOT_CLASS = YES_ERROR;
				CLANG_WARN_QUOTED_INCLUDE_IN_FRAMEWORK_HEADER = YES;
				CLANG_WARN_RANGE_LOOP_ANALYSIS = YES;
				CLANG_WARN_STRICT_PROTOTYPES = YES;
				CLANG_WARN_SUSPICIOUS_MOVE = YES;
				CLANG_WARN_UNGUARDED_AVAILABILITY = YES_AGGRESSIVE;
				CLANG_WARN_UNREACHABLE_CODE = YES;
				CLANG_WARN__DUPLICATE_METHOD_MATCH = YES;
				COPY_PHASE_STRIP = NO;
				DEBUG_INFORMATION_FORMAT = "dwarf-with-dsym";
				ENABLE_NS_ASSERTIONS = NO;
				ENABLE_STRICT_OBJC_MSGSEND = YES;
				GCC_C_LANGUAGE_STANDARD = gnu11;
				GCC_NO_COMMON_BLOCKS = YES;
				GCC_WARN_64_TO_32_BIT_CONVERSION = YES;
				GCC_WARN_ABOUT_RETURN_TYPE = YES_ERROR;
				GCC_WARN_UNDECLARED_SELECTOR = YES;
				GCC_WARN_UNINITIALIZED_AUTOS = YES_AGGRESSIVE;
				GCC_WARN_UNUSED_FUNCTION = YES;
				GCC_WARN_UNUSED_VARIABLE = YES;
				MTL_ENABLE_DEBUG_INFO = NO;
				MTL_FAST_MATH = YES;
				SWIFT_COMPILATION_MODE = wholemodule;
				SWIFT_OPTIMIZATION_LEVEL = "-O";
			};
			name = Release;
		};
		791E87E42A4FD99B00C2F0B4 /* Debug */ = {
			isa = XCBuildConfiguration;
			buildSettings = {
				ASSETCATALOG_COMPILER_APPICON_NAME = AppIcon;
				ASSETCATALOG_COMPILER_GLOBAL_ACCENT_COLOR_NAME = AccentColor;
				CODE_SIGN_ENTITLEMENTS = newtabnews/newtabnews.entitlements;
				CODE_SIGN_STYLE = Automatic;
				CURRENT_PROJECT_VERSION = 9;
				DEVELOPMENT_ASSET_PATHS = "\"newtabnews/Preview Content\"";
				DEVELOPMENT_TEAM = YM283LC5H4;
				ENABLE_HARDENED_RUNTIME = YES;
				ENABLE_PREVIEWS = YES;
				GENERATE_INFOPLIST_FILE = YES;
				INFOPLIST_FILE = newtabnews/Info.plist;
				INFOPLIST_KEY_CFBundleDisplayName = TabNews;
				INFOPLIST_KEY_LSApplicationCategoryType = "public.app-category.entertainment";
				"INFOPLIST_KEY_UIApplicationSceneManifest_Generation[sdk=iphoneos*]" = YES;
				"INFOPLIST_KEY_UIApplicationSceneManifest_Generation[sdk=iphonesimulator*]" = YES;
				"INFOPLIST_KEY_UIApplicationSupportsIndirectInputEvents[sdk=iphoneos*]" = YES;
				"INFOPLIST_KEY_UIApplicationSupportsIndirectInputEvents[sdk=iphonesimulator*]" = YES;
				"INFOPLIST_KEY_UILaunchScreen_Generation[sdk=iphoneos*]" = YES;
				"INFOPLIST_KEY_UILaunchScreen_Generation[sdk=iphonesimulator*]" = YES;
				"INFOPLIST_KEY_UIStatusBarStyle[sdk=iphoneos*]" = UIStatusBarStyleDefault;
				"INFOPLIST_KEY_UIStatusBarStyle[sdk=iphonesimulator*]" = UIStatusBarStyleDefault;
				INFOPLIST_KEY_UISupportedInterfaceOrientations = UIInterfaceOrientationPortrait;
				INFOPLIST_KEY_UISupportedInterfaceOrientations_iPad = "UIInterfaceOrientationLandscapeLeft UIInterfaceOrientationLandscapeRight UIInterfaceOrientationPortrait UIInterfaceOrientationPortraitUpsideDown";
				IPHONEOS_DEPLOYMENT_TARGET = 17.6;
				LD_RUNPATH_SEARCH_PATHS = "@executable_path/Frameworks";
				"LD_RUNPATH_SEARCH_PATHS[sdk=macosx*]" = "@executable_path/../Frameworks";
				MACOSX_DEPLOYMENT_TARGET = 13.3;
				MARKETING_VERSION = 1.0;
				PRODUCT_BUNDLE_IDENTIFIER = dev.luizmello.newtabnews;
				PRODUCT_NAME = "$(TARGET_NAME)";
				SDKROOT = auto;
				SUPPORTED_PLATFORMS = "iphoneos iphonesimulator";
				SUPPORTS_MACCATALYST = NO;
				SUPPORTS_MAC_DESIGNED_FOR_IPHONE_IPAD = NO;
				SWIFT_EMIT_LOC_STRINGS = YES;
				SWIFT_VERSION = 5.0;
				TARGETED_DEVICE_FAMILY = 1;
			};
			name = Debug;
		};
		791E87E52A4FD99B00C2F0B4 /* Release */ = {
			isa = XCBuildConfiguration;
			buildSettings = {
				ASSETCATALOG_COMPILER_APPICON_NAME = AppIcon;
				ASSETCATALOG_COMPILER_GLOBAL_ACCENT_COLOR_NAME = AccentColor;
				CODE_SIGN_ENTITLEMENTS = newtabnews/newtabnews.entitlements;
				CODE_SIGN_STYLE = Automatic;
				CURRENT_PROJECT_VERSION = 9;
				DEVELOPMENT_ASSET_PATHS = "\"newtabnews/Preview Content\"";
				DEVELOPMENT_TEAM = YM283LC5H4;
				ENABLE_HARDENED_RUNTIME = YES;
				ENABLE_PREVIEWS = YES;
				GENERATE_INFOPLIST_FILE = YES;
				INFOPLIST_FILE = newtabnews/Info.plist;
				INFOPLIST_KEY_CFBundleDisplayName = TabNews;
				INFOPLIST_KEY_LSApplicationCategoryType = "public.app-category.entertainment";
				"INFOPLIST_KEY_UIApplicationSceneManifest_Generation[sdk=iphoneos*]" = YES;
				"INFOPLIST_KEY_UIApplicationSceneManifest_Generation[sdk=iphonesimulator*]" = YES;
				"INFOPLIST_KEY_UIApplicationSupportsIndirectInputEvents[sdk=iphoneos*]" = YES;
				"INFOPLIST_KEY_UIApplicationSupportsIndirectInputEvents[sdk=iphonesimulator*]" = YES;
				"INFOPLIST_KEY_UILaunchScreen_Generation[sdk=iphoneos*]" = YES;
				"INFOPLIST_KEY_UILaunchScreen_Generation[sdk=iphonesimulator*]" = YES;
				"INFOPLIST_KEY_UIStatusBarStyle[sdk=iphoneos*]" = UIStatusBarStyleDefault;
				"INFOPLIST_KEY_UIStatusBarStyle[sdk=iphonesimulator*]" = UIStatusBarStyleDefault;
				INFOPLIST_KEY_UISupportedInterfaceOrientations = UIInterfaceOrientationPortrait;
				INFOPLIST_KEY_UISupportedInterfaceOrientations_iPad = "UIInterfaceOrientationLandscapeLeft UIInterfaceOrientationLandscapeRight UIInterfaceOrientationPortrait UIInterfaceOrientationPortraitUpsideDown";
				IPHONEOS_DEPLOYMENT_TARGET = 17.6;
				LD_RUNPATH_SEARCH_PATHS = "@executable_path/Frameworks";
				"LD_RUNPATH_SEARCH_PATHS[sdk=macosx*]" = "@executable_path/../Frameworks";
				MACOSX_DEPLOYMENT_TARGET = 13.3;
				MARKETING_VERSION = 1.0;
				PRODUCT_BUNDLE_IDENTIFIER = dev.luizmello.newtabnews;
				PRODUCT_NAME = "$(TARGET_NAME)";
				SDKROOT = auto;
				SUPPORTED_PLATFORMS = "iphoneos iphonesimulator";
				SUPPORTS_MACCATALYST = NO;
				SUPPORTS_MAC_DESIGNED_FOR_IPHONE_IPAD = NO;
				SWIFT_EMIT_LOC_STRINGS = YES;
				SWIFT_VERSION = 5.0;
				TARGETED_DEVICE_FAMILY = 1;
			};
			name = Release;
		};
		796D05BF2F0AC28E0064A2BC /* Debug */ = {
			isa = XCBuildConfiguration;
			buildSettings = {
				ASSETCATALOG_COMPILER_GENERATE_SWIFT_ASSET_SYMBOL_EXTENSIONS = YES;
				ASSETCATALOG_COMPILER_GLOBAL_ACCENT_COLOR_NAME = AccentColor;
				ASSETCATALOG_COMPILER_WIDGET_BACKGROUND_COLOR_NAME = WidgetBackground;
				CODE_SIGN_ENTITLEMENTS = TabNewsWidgetsExtension.entitlements;
				CODE_SIGN_STYLE = Automatic;
				CURRENT_PROJECT_VERSION = 2;
				DEVELOPMENT_TEAM = YM283LC5H4;
				ENABLE_USER_SCRIPT_SANDBOXING = YES;
				GCC_C_LANGUAGE_STANDARD = gnu17;
				GENERATE_INFOPLIST_FILE = NO;
				INFOPLIST_FILE = TabNewsWidgets/Info.plist;
				INFOPLIST_KEY_CFBundleDisplayName = TabNewsWidgets;
				INFOPLIST_KEY_NSHumanReadableCopyright = "";
				IPHONEOS_DEPLOYMENT_TARGET = 17.6;
				LD_RUNPATH_SEARCH_PATHS = (
					"$(inherited)",
					"@executable_path/Frameworks",
					"@executable_path/../../Frameworks",
					"@executable_path/../../../../Frameworks",
				);
				LOCALIZATION_PREFERS_STRING_CATALOGS = YES;
				MARKETING_VERSION = 1.0;
				PRODUCT_BUNDLE_IDENTIFIER = dev.luizmello.newtabnews.TabNewsWidgets;
				PRODUCT_NAME = "$(TARGET_NAME)";
				SDKROOT = watchos;
				SKIP_INSTALL = YES;
				STRING_CATALOG_GENERATE_SYMBOLS = YES;
				SUPPORTED_PLATFORMS = "iphoneos iphonesimulator watchos watchsimulator";
				SUPPORTS_MACCATALYST = NO;
				SWIFT_ACTIVE_COMPILATION_CONDITIONS = "DEBUG $(inherited)";
				SWIFT_APPROACHABLE_CONCURRENCY = YES;
				SWIFT_EMIT_LOC_STRINGS = YES;
				SWIFT_UPCOMING_FEATURE_MEMBER_IMPORT_VISIBILITY = YES;
				SWIFT_VERSION = 5.0;
				TARGETED_DEVICE_FAMILY = "1,4";
				WATCHOS_DEPLOYMENT_TARGET = 26.2;
			};
			name = Debug;
		};
		796D05C02F0AC28E0064A2BC /* Release */ = {
			isa = XCBuildConfiguration;
			buildSettings = {
				ASSETCATALOG_COMPILER_GENERATE_SWIFT_ASSET_SYMBOL_EXTENSIONS = YES;
				ASSETCATALOG_COMPILER_GLOBAL_ACCENT_COLOR_NAME = AccentColor;
				ASSETCATALOG_COMPILER_WIDGET_BACKGROUND_COLOR_NAME = WidgetBackground;
				CODE_SIGN_ENTITLEMENTS = TabNewsWidgetsExtension.entitlements;
				CODE_SIGN_STYLE = Automatic;
				CURRENT_PROJECT_VERSION = 2;
				DEVELOPMENT_TEAM = YM283LC5H4;
				ENABLE_USER_SCRIPT_SANDBOXING = YES;
				GCC_C_LANGUAGE_STANDARD = gnu17;
				GENERATE_INFOPLIST_FILE = NO;
				INFOPLIST_FILE = TabNewsWidgets/Info.plist;
				INFOPLIST_KEY_CFBundleDisplayName = TabNewsWidgets;
				INFOPLIST_KEY_NSHumanReadableCopyright = "";
				IPHONEOS_DEPLOYMENT_TARGET = 17.6;
				LD_RUNPATH_SEARCH_PATHS = (
					"$(inherited)",
					"@executable_path/Frameworks",
					"@executable_path/../../Frameworks",
					"@executable_path/../../../../Frameworks",
				);
				LOCALIZATION_PREFERS_STRING_CATALOGS = YES;
				MARKETING_VERSION = 1.0;
				PRODUCT_BUNDLE_IDENTIFIER = dev.luizmello.newtabnews.TabNewsWidgets;
				PRODUCT_NAME = "$(TARGET_NAME)";
				SDKROOT = watchos;
				SKIP_INSTALL = YES;
				STRING_CATALOG_GENERATE_SYMBOLS = YES;
				SUPPORTED_PLATFORMS = "iphoneos iphonesimulator watchos watchsimulator";
				SUPPORTS_MACCATALYST = NO;
				SWIFT_APPROACHABLE_CONCURRENCY = YES;
				SWIFT_EMIT_LOC_STRINGS = YES;
				SWIFT_UPCOMING_FEATURE_MEMBER_IMPORT_VISIBILITY = YES;
				SWIFT_VERSION = 5.0;
				TARGETED_DEVICE_FAMILY = "1,4";
				VALIDATE_PRODUCT = YES;
				WATCHOS_DEPLOYMENT_TARGET = 26.2;
			};
			name = Release;
		};
/* End XCBuildConfiguration section */

/* Begin XCConfigurationList section */
		790AB0EA2ECF670100E443E6 /* Build configuration list for PBXNativeTarget "TabNews Watch Watch App" */ = {
			isa = XCConfigurationList;
			buildConfigurations = (
				790AB0E82ECF670100E443E6 /* Debug */,
				790AB0E92ECF670100E443E6 /* Release */,
			);
			defaultConfigurationIsVisible = 0;
			defaultConfigurationName = Release;
		};
		791E87CF2A4FD99B00C2F0B4 /* Build configuration list for PBXProject "newtabnews" */ = {
			isa = XCConfigurationList;
			buildConfigurations = (
				791E87E12A4FD99B00C2F0B4 /* Debug */,
				791E87E22A4FD99B00C2F0B4 /* Release */,
			);
			defaultConfigurationIsVisible = 0;
			defaultConfigurationName = Release;
		};
		791E87E32A4FD99B00C2F0B4 /* Build configuration list for PBXNativeTarget "newtabnews" */ = {
			isa = XCConfigurationList;
			buildConfigurations = (
				791E87E42A4FD99B00C2F0B4 /* Debug */,
				791E87E52A4FD99B00C2F0B4 /* Release */,
			);
			defaultConfigurationIsVisible = 0;
			defaultConfigurationName = Release;
		};
		796D05C22F0AC28E0064A2BC /* Build configuration list for PBXNativeTarget "TabNewsWidgetsExtension" */ = {
			isa = XCConfigurationList;
			buildConfigurations = (
				796D05BF2F0AC28E0064A2BC /* Debug */,
				796D05C02F0AC28E0064A2BC /* Release */,
			);
			defaultConfigurationIsVisible = 0;
			defaultConfigurationName = Release;
		};
/* End XCConfigurationList section */

/* Begin XCRemoteSwiftPackageReference section */
		79259D272EFB7D0F004BC057 /* XCRemoteSwiftPackageReference "firebase-ios-sdk" */ = {
			isa = XCRemoteSwiftPackageReference;
			repositoryURL = "https://github.com/firebase/firebase-ios-sdk";
			requirement = {
				kind = upToNextMajorVersion;
				minimumVersion = 12.7.0;
			};
		};
/* End XCRemoteSwiftPackageReference section */

/* Begin XCSwiftPackageProductDependency section */
		79259D282EFB7D0F004BC057 /* FirebaseFirestore */ = {
			isa = XCSwiftPackageProductDependency;
			package = 79259D272EFB7D0F004BC057 /* XCRemoteSwiftPackageReference "firebase-ios-sdk" */;
			productName = FirebaseFirestore;
		};
		79259D2A2EFB7D0F004BC057 /* FirebaseMessaging */ = {
			isa = XCSwiftPackageProductDependency;
			package = 79259D272EFB7D0F004BC057 /* XCRemoteSwiftPackageReference "firebase-ios-sdk" */;
			productName = FirebaseMessaging;
		};
/* End XCSwiftPackageProductDependency section */
	};
	rootObject = 791E87CC2A4FD99B00C2F0B4 /* Project object */;
}
